// !$*UTF8*$!
{
	archiveVersion = 1;
	classes = {
	};
	objectVersion = 55;
	objects = {

/* Begin PBXBuildFile section */
		812FA56A27FAD62A00AF5730 /* APICaller.swift in Sources */ = {isa = PBXBuildFile; fileRef = 812FA56927FAD62A00AF5730 /* APICaller.swift */; };
		812FA56C27FAD6AC00AF5730 /* DatailViewController.swift in Sources */ = {isa = PBXBuildFile; fileRef = 812FA56B27FAD6AC00AF5730 /* DatailViewController.swift */; };
		8166122E27FAD3B7005A48AD /* AppDelegate.swift in Sources */ = {isa = PBXBuildFile; fileRef = 8166122D27FAD3B7005A48AD /* AppDelegate.swift */; };
		8166123027FAD3B7005A48AD /* SceneDelegate.swift in Sources */ = {isa = PBXBuildFile; fileRef = 8166122F27FAD3B7005A48AD /* SceneDelegate.swift */; };
		8166123227FAD3B7005A48AD /* ViewController.swift in Sources */ = {isa = PBXBuildFile; fileRef = 8166123127FAD3B7005A48AD /* ViewController.swift */; };
		8166123527FAD3B7005A48AD /* Main.storyboard in Resources */ = {isa = PBXBuildFile; fileRef = 8166123327FAD3B7005A48AD /* Main.storyboard */; };
		8166123727FAD3B9005A48AD /* Assets.xcassets in Resources */ = {isa = PBXBuildFile; fileRef = 8166123627FAD3B9005A48AD /* Assets.xcassets */; };
		8166123A27FAD3B9005A48AD /* LaunchScreen.storyboard in Resources */ = {isa = PBXBuildFile; fileRef = 8166123827FAD3B9005A48AD /* LaunchScreen.storyboard */; };
		8166124A27FAD5C9005A48AD /* APIKit.docc in Sources */ = {isa = PBXBuildFile; fileRef = 8166124927FAD5C9005A48AD /* APIKit.docc */; };
		8166124B27FAD5C9005A48AD /* APIKit.h in Headers */ = {isa = PBXBuildFile; fileRef = 8166124827FAD5C9005A48AD /* APIKit.h */; settings = {ATTRIBUTES = (Public, ); }; };
		8166124E27FAD5C9005A48AD /* APIKit.framework in Frameworks */ = {isa = PBXBuildFile; fileRef = 8166124627FAD5C9005A48AD /* APIKit.framework */; };
		8166124F27FAD5C9005A48AD /* APIKit.framework in Embed Frameworks */ = {isa = PBXBuildFile; fileRef = 8166124627FAD5C9005A48AD /* APIKit.framework */; settings = {ATTRIBUTES = (CodeSignOnCopy, RemoveHeadersOnCopy, ); }; };
/* End PBXBuildFile section */

/* Begin PBXContainerItemProxy section */
		8166124C27FAD5C9005A48AD /* PBXContainerItemProxy */ = {
			isa = PBXContainerItemProxy;
			containerPortal = 8166122227FAD3B7005A48AD /* Project object */;
			proxyType = 1;
			remoteGlobalIDString = 8166124527FAD5C9005A48AD;
			remoteInfo = APIKit;
		};
/* End PBXContainerItemProxy section */

/* Begin PBXCopyFilesBuildPhase section */
		8166125327FAD5C9005A48AD /* Embed Frameworks */ = {
			isa = PBXCopyFilesBuildPhase;
			buildActionMask = 2147483647;
			dstPath = "";
			dstSubfolderSpec = 10;
			files = (
				8166124F27FAD5C9005A48AD /* APIKit.framework in Embed Frameworks */,
			);
			name = "Embed Frameworks";
			runOnlyForDeploymentPostprocessing = 0;
		};
/* End PBXCopyFilesBuildPhase section */

/* Begin PBXFileReference section */
		812FA56927FAD62A00AF5730 /* APICaller.swift */ = {isa = PBXFileReference; lastKnownFileType = sourcecode.swift; path = APICaller.swift; sourceTree = "<group>"; };
		812FA56B27FAD6AC00AF5730 /* DatailViewController.swift */ = {isa = PBXFileReference; lastKnownFileType = sourcecode.swift; path = DatailViewController.swift; sourceTree = "<group>"; };
		8166122A27FAD3B7005A48AD /* DITutorial.app */ = {isa = PBXFileReference; explicitFileType = wrapper.application; includeInIndex = 0; path = DITutorial.app; sourceTree = BUILT_PRODUCTS_DIR; };
		8166122D27FAD3B7005A48AD /* AppDelegate.swift */ = {isa = PBXFileReference; lastKnownFileType = sourcecode.swift; path = AppDelegate.swift; sourceTree = "<group>"; };
		8166122F27FAD3B7005A48AD /* SceneDelegate.swift */ = {isa = PBXFileReference; lastKnownFileType = sourcecode.swift; path = SceneDelegate.swift; sourceTree = "<group>"; };
		8166123127FAD3B7005A48AD /* ViewController.swift */ = {isa = PBXFileReference; lastKnownFileType = sourcecode.swift; path = ViewController.swift; sourceTree = "<group>"; };
		8166123427FAD3B7005A48AD /* Base */ = {isa = PBXFileReference; lastKnownFileType = file.storyboard; name = Base; path = Base.lproj/Main.storyboard; sourceTree = "<group>"; };
		8166123627FAD3B9005A48AD /* Assets.xcassets */ = {isa = PBXFileReference; lastKnownFileType = folder.assetcatalog; path = Assets.xcassets; sourceTree = "<group>"; };
		8166123927FAD3B9005A48AD /* Base */ = {isa = PBXFileReference; lastKnownFileType = file.storyboard; name = Base; path = Base.lproj/LaunchScreen.storyboard; sourceTree = "<group>"; };
		8166123B27FAD3B9005A48AD /* Info.plist */ = {isa = PBXFileReference; lastKnownFileType = text.plist.xml; path = Info.plist; sourceTree = "<group>"; };
		8166124627FAD5C9005A48AD /* APIKit.framework */ = {isa = PBXFileReference; explicitFileType = wrapper.framework; includeInIndex = 0; path = APIKit.framework; sourceTree = BUILT_PRODUCTS_DIR; };
		8166124827FAD5C9005A48AD /* APIKit.h */ = {isa = PBXFileReference; lastKnownFileType = sourcecode.c.h; path = APIKit.h; sourceTree = "<group>"; };
		8166124927FAD5C9005A48AD /* APIKit.docc */ = {isa = PBXFileReference; lastKnownFileType = folder.documentationcatalog; path = APIKit.docc; sourceTree = "<group>"; };
/* End PBXFileReference section */

/* Begin PBXFrameworksBuildPhase section */
		8166122727FAD3B7005A48AD /* Frameworks */ = {
			isa = PBXFrameworksBuildPhase;
			buildActionMask = 2147483647;
			files = (
				8166124E27FAD5C9005A48AD /* APIKit.framework in Frameworks */,
			);
			runOnlyForDeploymentPostprocessing = 0;
		};
		8166124327FAD5C9005A48AD /* Frameworks */ = {
			isa = PBXFrameworksBuildPhase;
			buildActionMask = 2147483647;
			files = (
			);
			runOnlyForDeploymentPostprocessing = 0;
		};
/* End PBXFrameworksBuildPhase section */

/* Begin PBXGroup section */
		8166122127FAD3B7005A48AD = {
			isa = PBXGroup;
			children = (
				8166122C27FAD3B7005A48AD /* DITutorial */,
				8166124727FAD5C9005A48AD /* APIKit */,
				8166122B27FAD3B7005A48AD /* Products */,
			);
			sourceTree = "<group>";
		};
		8166122B27FAD3B7005A48AD /* Products */ = {
			isa = PBXGroup;
			children = (
				8166122A27FAD3B7005A48AD /* DITutorial.app */,
				8166124627FAD5C9005A48AD /* APIKit.framework */,
			);
			name = Products;
			sourceTree = "<group>";
		};
		8166122C27FAD3B7005A48AD /* DITutorial */ = {
			isa = PBXGroup;
			children = (
				8166122D27FAD3B7005A48AD /* AppDelegate.swift */,
				8166122F27FAD3B7005A48AD /* SceneDelegate.swift */,
				8166123127FAD3B7005A48AD /* ViewController.swift */,
				812FA56B27FAD6AC00AF5730 /* DatailViewController.swift */,
				8166123327FAD3B7005A48AD /* Main.storyboard */,
				8166123627FAD3B9005A48AD /* Assets.xcassets */,
				8166123827FAD3B9005A48AD /* LaunchScreen.storyboard */,
				8166123B27FAD3B9005A48AD /* Info.plist */,
			);
			path = DITutorial;
			sourceTree = "<group>";
		};
		8166124727FAD5C9005A48AD /* APIKit */ = {
			isa = PBXGroup;
			children = (
				8166124827FAD5C9005A48AD /* APIKit.h */,
				812FA56927FAD62A00AF5730 /* APICaller.swift */,
				8166124927FAD5C9005A48AD /* APIKit.docc */,
			);
			path = APIKit;
			sourceTree = "<group>";
		};
/* End PBXGroup section */

/* Begin PBXHeadersBuildPhase section */
		8166124127FAD5C9005A48AD /* Headers */ = {
			isa = PBXHeadersBuildPhase;
			buildActionMask = 2147483647;
			files = (
				8166124B27FAD5C9005A48AD /* APIKit.h in Headers */,
			);
			runOnlyForDeploymentPostprocessing = 0;
		};
/* End PBXHeadersBuildPhase section */

/* Begin PBXNativeTarget section */
		8166122927FAD3B7005A48AD /* DITutorial */ = {
			isa = PBXNativeTarget;
			buildConfigurationList = 8166123E27FAD3B9005A48AD /* Build configuration list for PBXNativeTarget "DITutorial" */;
			buildPhases = (
				8166122627FAD3B7005A48AD /* Sources */,
				8166122727FAD3B7005A48AD /* Frameworks */,
				8166122827FAD3B7005A48AD /* Resources */,
				8166125327FAD5C9005A48AD /* Embed Frameworks */,
			);
			buildRules = (
			);
			dependencies = (
				8166124D27FAD5C9005A48AD /* PBXTargetDependency */,
			);
			name = DITutorial;
			productName = DITutorial;
			productReference = 8166122A27FAD3B7005A48AD /* DITutorial.app */;
			productType = "com.apple.product-type.application";
		};
		8166124527FAD5C9005A48AD /* APIKit */ = {
			isa = PBXNativeTarget;
			buildConfigurationList = 8166125027FAD5C9005A48AD /* Build configuration list for PBXNativeTarget "APIKit" */;
			buildPhases = (
				8166124127FAD5C9005A48AD /* Headers */,
				8166124227FAD5C9005A48AD /* Sources */,
				8166124327FAD5C9005A48AD /* Frameworks */,
				8166124427FAD5C9005A48AD /* Resources */,
			);
			buildRules = (
			);
			dependencies = (
			);
			name = APIKit;
			productName = APIKit;
			productReference = 8166124627FAD5C9005A48AD /* APIKit.framework */;
			productType = "com.apple.product-type.framework";
		};
/* End PBXNativeTarget section */

/* Begin PBXProject section */
		8166122227FAD3B7005A48AD /* Project object */ = {
			isa = PBXProject;
			attributes = {
				BuildIndependentTargetsInParallel = 1;
				LastSwiftUpdateCheck = 1330;
				LastUpgradeCheck = 1330;
				TargetAttributes = {
					8166122927FAD3B7005A48AD = {
						CreatedOnToolsVersion = 13.3;
					};
					8166124527FAD5C9005A48AD = {
						CreatedOnToolsVersion = 13.3;
					};
				};
			};
			buildConfigurationList = 8166122527FAD3B7005A48AD /* Build configuration list for PBXProject "DITutorial" */;
			compatibilityVersion = "Xcode 13.0";
			developmentRegion = en;
			hasScannedForEncodings = 0;
			knownRegions = (
				en,
				Base,
			);
			mainGroup = 8166122127FAD3B7005A48AD;
			productRefGroup = 8166122B27FAD3B7005A48AD /* Products */;
			projectDirPath = "";
			projectRoot = "";
			targets = (
				8166122927FAD3B7005A48AD /* DITutorial */,
				8166124527FAD5C9005A48AD /* APIKit */,
			);
		};
/* End PBXProject section */

/* Begin PBXResourcesBuildPhase section */
		8166122827FAD3B7005A48AD /* Resources */ = {
			isa = PBXResourcesBuildPhase;
			buildActionMask = 2147483647;
			files = (
				8166123A27FAD3B9005A48AD /* LaunchScreen.storyboard in Resources */,
				8166123727FAD3B9005A48AD /* Assets.xcassets in Resources */,
				8166123527FAD3B7005A48AD /* Main.storyboard in Resources */,
			);
			runOnlyForDeploymentPostprocessing = 0;
		};
		8166124427FAD5C9005A48AD /* Resources */ = {
			isa = PBXResourcesBuildPhase;
			buildActionMask = 2147483647;
			files = (
			);
			runOnlyForDeploymentPostprocessing = 0;
		};
/* End PBXResourcesBuildPhase section */

/* Begin PBXSourcesBuildPhase section */
		8166122627FAD3B7005A48AD /* Sources */ = {
			isa = PBXSourcesBuildPhase;
			buildActionMask = 2147483647;
			files = (
				8166123227FAD3B7005A48AD /* ViewController.swift in Sources */,
				8166122E27FAD3B7005A48AD /* AppDelegate.swift in Sources */,
				8166123027FAD3B7005A48AD /* SceneDelegate.swift in Sources */,
				812FA56C27FAD6AC00AF5730 /* DatailViewController.swift in Sources */,
			);
			runOnlyForDeploymentPostprocessing = 0;
		};
		8166124227FAD5C9005A48AD /* Sources */ = {
			isa = PBXSourcesBuildPhase;
			buildActionMask = 2147483647;
			files = (
				8166124A27FAD5C9005A48AD /* APIKit.docc in Sources */,
				812FA56A27FAD62A00AF5730 /* APICaller.swift in Sources */,
			);
			runOnlyForDeploymentPostprocessing = 0;
		};
/* End PBXSourcesBuildPhase section */

/* Begin PBXTargetDependency section */
		8166124D27FAD5C9005A48AD /* PBXTargetDependency */ = {
			isa = PBXTargetDependency;
			target = 8166124527FAD5C9005A48AD /* APIKit */;
			targetProxy = 8166124C27FAD5C9005A48AD /* PBXContainerItemProxy */;
		};
/* End PBXTargetDependency section */

/* Begin PBXVariantGroup section */
		8166123327FAD3B7005A48AD /* Main.storyboard */ = {
			isa = PBXVariantGroup;
			children = (
				8166123427FAD3B7005A48AD /* Base */,
			);
			name = Main.storyboard;
			sourceTree = "<group>";
		};
		8166123827FAD3B9005A48AD /* LaunchScreen.storyboard */ = {
			isa = PBXVariantGroup;
			children = (
				8166123927FAD3B9005A48AD /* Base */,
			);
			name = LaunchScreen.storyboard;
			sourceTree = "<group>";
		};
/* End PBXVariantGroup section */

/* Begin XCBuildConfiguration section */
		8166123C27FAD3B9005A48AD /* Debug */ = {
			isa = XCBuildConfiguration;
			buildSettings = {
				ALWAYS_SEARCH_USER_PATHS = NO;
				CLANG_ANALYZER_NONNULL = YES;
				CLANG_ANALYZER_NUMBER_OBJECT_CONVERSION = YES_AGGRESSIVE;
				CLANG_CXX_LANGUAGE_STANDARD = "gnu++17";
				CLANG_ENABLE_MODULES = YES;
				CLANG_ENABLE_OBJC_ARC = YES;
				CLANG_ENABLE_OBJC_WEAK = YES;
				CLANG_WARN_BLOCK_CAPTURE_AUTORELEASING = YES;
				CLANG_WARN_BOOL_CONVERSION = YES;
				CLANG_WARN_COMMA = YES;
				CLANG_WARN_CONSTANT_CONVERSION = YES;
				CLANG_WARN_DEPRECATED_OBJC_IMPLEMENTATIONS = YES;
				CLANG_WARN_DIRECT_OBJC_ISA_USAGE = YES_ERROR;
				CLANG_WARN_DOCUMENTATION_COMMENTS = YES;
				CLANG_WARN_EMPTY_BODY = YES;
				CLANG_WARN_ENUM_CONVERSION = YES;
				CLANG_WARN_INFINITE_RECURSION = YES;
				CLANG_WARN_INT_CONVERSION = YES;
				CLANG_WARN_NON_LITERAL_NULL_CONVERSION = YES;
				CLANG_WARN_OBJC_IMPLICIT_RETAIN_SELF = YES;
				CLANG_WARN_OBJC_LITERAL_CONVERSION = YES;
				CLANG_WARN_OBJC_ROOT_CLASS = YES_ERROR;
				CLANG_WARN_QUOTED_INCLUDE_IN_FRAMEWORK_HEADER = YES;
				CLANG_WARN_RANGE_LOOP_ANALYSIS = YES;
				CLANG_WARN_STRICT_PROTOTYPES = YES;
				CLANG_WARN_SUSPICIOUS_MOVE = YES;
				CLANG_WARN_UNGUARDED_AVAILABILITY = YES_AGGRESSIVE;
				CLANG_WARN_UNREACHABLE_CODE = YES;
				CLANG_WARN__DUPLICATE_METHOD_MATCH = YES;
				COPY_PHASE_STRIP = NO;
				DEBUG_INFORMATION_FORMAT = dwarf;
				ENABLE_STRICT_OBJC_MSGSEND = YES;
				ENABLE_TESTABILITY = YES;
				GCC_C_LANGUAGE_STANDARD = gnu11;
				GCC_DYNAMIC_NO_PIC = NO;
				GCC_NO_COMMON_BLOCKS = YES;
				GCC_OPTIMIZATION_LEVEL = 0;
				GCC_PREPROCESSOR_DEFINITIONS = (
					"DEBUG=1",
					"$(inherited)",
				);
				GCC_WARN_64_TO_32_BIT_CONVERSION = YES;
				GCC_WARN_ABOUT_RETURN_TYPE = YES_ERROR;
				GCC_WARN_UNDECLARED_SELECTOR = YES;
				GCC_WARN_UNINITIALIZED_AUTOS = YES_AGGRESSIVE;
				GCC_WARN_UNUSED_FUNCTION = YES;
				GCC_WARN_UNUSED_VARIABLE = YES;
				IPHONEOS_DEPLOYMENT_TARGET = 15.4;
				MTL_ENABLE_DEBUG_INFO = INCLUDE_SOURCE;
				MTL_FAST_MATH = YES;
				ONLY_ACTIVE_ARCH = YES;
				SDKROOT = iphoneos;
				SWIFT_ACTIVE_COMPILATION_CONDITIONS = DEBUG;
				SWIFT_OPTIMIZATION_LEVEL = "-Onone";
			};
			name = Debug;
		};
		8166123D27FAD3B9005A48AD /* Release */ = {
			isa = XCBuildConfiguration;
			buildSettings = {
				ALWAYS_SEARCH_USER_PATHS = NO;
				CLANG_ANALYZER_NONNULL = YES;
				CLANG_ANALYZER_NUMBER_OBJECT_CONVERSION = YES_AGGRESSIVE;
				CLANG_CXX_LANGUAGE_STANDARD = "gnu++17";
				CLANG_ENABLE_MODULES = YES;
				CLANG_ENABLE_OBJC_ARC = YES;
				CLANG_ENABLE_OBJC_WEAK = YES;
				CLANG_WARN_BLOCK_CAPTURE_AUTORELEASING = YES;
				CLANG_WARN_BOOL_CONVERSION = YES;
				CLANG_WARN_COMMA = YES;
				CLANG_WARN_CONSTANT_CONVERSION = YES;
				CLANG_WARN_DEPRECATED_OBJC_IMPLEMENTATIONS = YES;
				CLANG_WARN_DIRECT_OBJC_ISA_USAGE = YES_ERROR;
				CLANG_WARN_DOCUMENTATION_COMMENTS = YES;
				CLANG_WARN_EMPTY_BODY = YES;
				CLANG_WARN_ENUM_CONVERSION = YES;
				CLANG_WARN_INFINITE_RECURSION = YES;
				CLANG_WARN_INT_CONVERSION = YES;
				CLANG_WARN_NON_LITERAL_NULL_CONVERSION = YES;
				CLANG_WARN_OBJC_IMPLICIT_RETAIN_SELF = YES;
				CLANG_WARN_OBJC_LITERAL_CONVERSION = YES;
				CLANG_WARN_OBJC_ROOT_CLASS = YES_ERROR;
				CLANG_WARN_QUOTED_INCLUDE_IN_FRAMEWORK_HEADER = YES;
				CLANG_WARN_RANGE_LOOP_ANALYSIS = YES;
				CLANG_WARN_STRICT_PROTOTYPES = YES;
				CLANG_WARN_SUSPICIOUS_MOVE = YES;
				CLANG_WARN_UNGUARDED_AVAILABILITY = YES_AGGRESSIVE;
				CLANG_WARN_UNREACHABLE_CODE = YES;
				CLANG_WARN__DUPLICATE_METHOD_MATCH = YES;
				COPY_PHASE_STRIP = NO;
				DEBUG_INFORMATION_FORMAT = "dwarf-with-dsym";
				ENABLE_NS_ASSERTIONS = NO;
				ENABLE_STRICT_OBJC_MSGSEND = YES;
				GCC_C_LANGUAGE_STANDARD = gnu11;
				GCC_NO_COMMON_BLOCKS = YES;
				GCC_WARN_64_TO_32_BIT_CONVERSION = YES;
				GCC_WARN_ABOUT_RETURN_TYPE = YES_ERROR;
				GCC_WARN_UNDECLARED_SELECTOR = YES;
				GCC_WARN_UNINITIALIZED_AUTOS = YES_AGGRESSIVE;
				GCC_WARN_UNUSED_FUNCTION = YES;
				GCC_WARN_UNUSED_VARIABLE = YES;
				IPHONEOS_DEPLOYMENT_TARGET = 15.4;
				MTL_ENABLE_DEBUG_INFO = NO;
				MTL_FAST_MATH = YES;
				SDKROOT = iphoneos;
				SWIFT_COMPILATION_MODE = wholemodule;
				SWIFT_OPTIMIZATION_LEVEL = "-O";
				VALIDATE_PRODUCT = YES;
			};
			name = Release;
		};
		8166123F27FAD3B9005A48AD /* Debug */ = {
			isa = XCBuildConfiguration;
			buildSettings = {
				ALWAYS_EMBED_SWIFT_STANDARD_LIBRARIES = YES;
				ASSETCATALOG_COMPILER_APPICON_NAME = AppIcon;
				ASSETCATALOG_COMPILER_GLOBAL_ACCENT_COLOR_NAME = AccentColor;
				CODE_SIGN_STYLE = Automatic;
				CURRENT_PROJECT_VERSION = 1;
				DEVELOPMENT_TEAM = 65AHANY3Z2;
				GENERATE_INFOPLIST_FILE = YES;
				INFOPLIST_FILE = DITutorial/Info.plist;
				INFOPLIST_KEY_UIApplicationSupportsIndirectInputEvents = YES;
				INFOPLIST_KEY_UILaunchStoryboardName = LaunchScreen;
				INFOPLIST_KEY_UIMainStoryboardFile = Main;
				INFOPLIST_KEY_UISupportedInterfaceOrientations_iPad = "UIInterfaceOrientationPortrait UIInterfaceOrientationPortraitUpsideDown UIInterfaceOrientationLandscapeLeft UIInterfaceOrientationLandscapeRight";
				INFOPLIST_KEY_UISupportedInterfaceOrientations_iPhone = "UIInterfaceOrientationPortrait UIInterfaceOrientationLandscapeLeft UIInterfaceOrientationLandscapeRight";
				IPHONEOS_DEPLOYMENT_TARGET = 15.0;
				LD_RUNPATH_SEARCH_PATHS = (
					"$(inherited)",
					"@executable_path/Frameworks",
				);
				MARKETING_VERSION = 1.0;
				PRODUCT_BUNDLE_IDENTIFIER = com.cashwalk.DITutorial;
				PRODUCT_NAME = "$(TARGET_NAME)";
				SWIFT_EMIT_LOC_STRINGS = YES;
				SWIFT_VERSION = 5.0;
				TARGETED_DEVICE_FAMILY = "1,2";
			};
			name = Debug;
		};
		8166124027FAD3B9005A48AD /* Release */ = {
			isa = XCBuildConfiguration;
			buildSettings = {
				ALWAYS_EMBED_SWIFT_STANDARD_LIBRARIES = YES;
				ASSETCATALOG_COMPILER_APPICON_NAME = AppIcon;
				ASSETCATALOG_COMPILER_GLOBAL_ACCENT_COLOR_NAME = AccentColor;
				CODE_SIGN_STYLE = Automatic;
				CURRENT_PROJECT_VERSION = 1;
				DEVELOPMENT_TEAM = 65AHANY3Z2;
				GENERATE_INFOPLIST_FILE = YES;
				INFOPLIST_FILE = DITutorial/Info.plist;
				INFOPLIST_KEY_UIApplicationSupportsIndirectInputEvents = YES;
				INFOPLIST_KEY_UILaunchStoryboardName = LaunchScreen;
				INFOPLIST_KEY_UIMainStoryboardFile = Main;
				INFOPLIST_KEY_UISupportedInterfaceOrientations_iPad = "UIInterfaceOrientationPortrait UIInterfaceOrientationPortraitUpsideDown UIInterfaceOrientationLandscapeLeft UIInterfaceOrientationLandscapeRight";
				INFOPLIST_KEY_UISupportedInterfaceOrientations_iPhone = "UIInterfaceOrientationPortrait UIInterfaceOrientationLandscapeLeft UIInterfaceOrientationLandscapeRight";
				IPHONEOS_DEPLOYMENT_TARGET = 15.0;
				LD_RUNPATH_SEARCH_PATHS = (
					"$(inherited)",
					"@executable_path/Frameworks",
				);
				MARKETING_VERSION = 1.0;
				PRODUCT_BUNDLE_IDENTIFIER = com.cashwalk.DITutorial;
				PRODUCT_NAME = "$(TARGET_NAME)";
				SWIFT_EMIT_LOC_STRINGS = YES;
				SWIFT_VERSION = 5.0;
				TARGETED_DEVICE_FAMILY = "1,2";
			};
			name = Release;
		};
		8166125127FAD5C9005A48AD /* Debug */ = {
			isa = XCBuildConfiguration;
			buildSettings = {
				CODE_SIGN_STYLE = Automatic;
				CURRENT_PROJECT_VERSION = 1;
				DEFINES_MODULE = YES;
				DEVELOPMENT_TEAM = 65AHANY3Z2;
				DYLIB_COMPATIBILITY_VERSION = 1;
				DYLIB_CURRENT_VERSION = 1;
				DYLIB_INSTALL_NAME_BASE = "@rpath";
				GENERATE_INFOPLIST_FILE = YES;
				INFOPLIST_KEY_NSHumanReadableCopyright = "";
				INSTALL_PATH = "$(LOCAL_LIBRARY_DIR)/Frameworks";
				IPHONEOS_DEPLOYMENT_TARGET = 15.0;
				LD_RUNPATH_SEARCH_PATHS = (
					"$(inherited)",
					"@executable_path/Frameworks",
					"@loader_path/Frameworks",
				);
				MARKETING_VERSION = 1.0;
				PRODUCT_BUNDLE_IDENTIFIER = com.cashwalk.APIKit;
				PRODUCT_NAME = "$(TARGET_NAME:c99extidentifier)";
				SKIP_INSTALL = YES;
				SWIFT_EMIT_LOC_STRINGS = YES;
				SWIFT_VERSION = 5.0;
				TARGETED_DEVICE_FAMILY = "1,2";
				VERSIONING_SYSTEM = "apple-generic";
				VERSION_INFO_PREFIX = "";
			};
			name = Debug;
		};
		8166125227FAD5C9005A48AD /* Release */ = {
			isa = XCBuildConfiguration;
			buildSettings = {
				CODE_SIGN_STYLE = Automatic;
				CURRENT_PROJECT_VERSION = 1;
				DEFINES_MODULE = YES;
				DEVELOPMENT_TEAM = 65AHANY3Z2;
				DYLIB_COMPATIBILITY_VERSION = 1;
				DYLIB_CURRENT_VERSION = 1;
				DYLIB_INSTALL_NAME_BASE = "@rpath";
				GENERATE_INFOPLIST_FILE = YES;
				INFOPLIST_KEY_NSHumanReadableCopyright = "";
				INSTALL_PATH = "$(LOCAL_LIBRARY_DIR)/Frameworks";
				IPHONEOS_DEPLOYMENT_TARGET = 15.0;
				LD_RUNPATH_SEARCH_PATHS = (
					"$(inherited)",
					"@executable_path/Frameworks",
					"@loader_path/Frameworks",
				);
				MARKETING_VERSION = 1.0;
				PRODUCT_BUNDLE_IDENTIFIER = com.cashwalk.APIKit;
				PRODUCT_NAME = "$(TARGET_NAME:c99extidentifier)";
				SKIP_INSTALL = YES;
				SWIFT_EMIT_LOC_STRINGS = YES;
				SWIFT_VERSION = 5.0;
				TARGETED_DEVICE_FAMILY = "1,2";
				VERSIONING_SYSTEM = "apple-generic";
				VERSION_INFO_PREFIX = "";
			};
			name = Release;
		};
/* End XCBuildConfiguration section */

/* Begin XCConfigurationList section */
		8166122527FAD3B7005A48AD /* Build configuration list for PBXProject "DITutorial" */ = {
			isa = XCConfigurationList;
			buildConfigurations = (
				8166123C27FAD3B9005A48AD /* Debug */,
				8166123D27FAD3B9005A48AD /* Release */,
			);
			defaultConfigurationIsVisible = 0;
			defaultConfigurationName = Release;
		};
		8166123E27FAD3B9005A48AD /* Build configuration list for PBXNativeTarget "DITutorial" */ = {
			isa = XCConfigurationList;
			buildConfigurations = (
				8166123F27FAD3B9005A48AD /* Debug */,
				8166124027FAD3B9005A48AD /* Release */,
			);
			defaultConfigurationIsVisible = 0;
			defaultConfigurationName = Release;
		};
		8166125027FAD5C9005A48AD /* Build configuration list for PBXNativeTarget "APIKit" */ = {
			isa = XCConfigurationList;
			buildConfigurations = (
				8166125127FAD5C9005A48AD /* Debug */,
				8166125227FAD5C9005A48AD /* Release */,
			);
			defaultConfigurationIsVisible = 0;
			defaultConfigurationName = Release;
		};
/* End XCConfigurationList section */
	};
	rootObject = 8166122227FAD3B7005A48AD /* Project object */;
}
