// !$*UTF8*$!
{
	archiveVersion = 1;
	classes = {
	};
	objectVersion = 55;
	objects = {

/* Begin PBXBuildFile section */
		A8C6F21028AA1B9D00348559 /* AppDelegate.swift in Sources */ = {isa = PBXBuildFile; fileRef = A8C6F20F28AA1B9D00348559 /* AppDelegate.swift */; };
		A8C6F21228AA1B9D00348559 /* SceneDelegate.swift in Sources */ = {isa = PBXBuildFile; fileRef = A8C6F21128AA1B9D00348559 /* SceneDelegate.swift */; };
		A8C6F21428AA1B9D00348559 /* ViewController.swift in Sources */ = {isa = PBXBuildFile; fileRef = A8C6F21328AA1B9D00348559 /* ViewController.swift */; };
		A8C6F21728AA1B9D00348559 /* Main.storyboard in Resources */ = {isa = PBXBuildFile; fileRef = A8C6F21528AA1B9D00348559 /* Main.storyboard */; };
		A8C6F21928AA1BA000348559 /* Assets.xcassets in Resources */ = {isa = PBXBuildFile; fileRef = A8C6F21828AA1BA000348559 /* Assets.xcassets */; };
		A8C6F21C28AA1BA000348559 /* LaunchScreen.storyboard in Resources */ = {isa = PBXBuildFile; fileRef = A8C6F21A28AA1BA000348559 /* LaunchScreen.storyboard */; };
		A8C6F22528AA1C2400348559 /* RxCocoa in Frameworks */ = {isa = PBXBuildFile; productRef = A8C6F22428AA1C2400348559 /* RxCocoa */; };
		A8C6F22928AA1C2400348559 /* RxRelay in Frameworks */ = {isa = PBXBuildFile; productRef = A8C6F22828AA1C2400348559 /* RxRelay */; };
		A8C6F22D28AA1C2400348559 /* RxSwift in Frameworks */ = {isa = PBXBuildFile; productRef = A8C6F22C28AA1C2400348559 /* RxSwift */; };
		A8C6F23128AA1DCD00348559 /* PopUpViewController.swift in Sources */ = {isa = PBXBuildFile; fileRef = A8C6F23028AA1DCD00348559 /* PopUpViewController.swift */; };
/* End PBXBuildFile section */

/* Begin PBXFileReference section */
		A8C6F20C28AA1B9D00348559 /* RxComponent.app */ = {isa = PBXFileReference; explicitFileType = wrapper.application; includeInIndex = 0; path = RxComponent.app; sourceTree = BUILT_PRODUCTS_DIR; };
		A8C6F20F28AA1B9D00348559 /* AppDelegate.swift */ = {isa = PBXFileReference; lastKnownFileType = sourcecode.swift; path = AppDelegate.swift; sourceTree = "<group>"; };
		A8C6F21128AA1B9D00348559 /* SceneDelegate.swift */ = {isa = PBXFileReference; lastKnownFileType = sourcecode.swift; path = SceneDelegate.swift; sourceTree = "<group>"; };
		A8C6F21328AA1B9D00348559 /* ViewController.swift */ = {isa = PBXFileReference; lastKnownFileType = sourcecode.swift; path = ViewController.swift; sourceTree = "<group>"; };
		A8C6F21628AA1B9D00348559 /* Base */ = {isa = PBXFileReference; lastKnownFileType = file.storyboard; name = Base; path = Base.lproj/Main.storyboard; sourceTree = "<group>"; };
		A8C6F21828AA1BA000348559 /* Assets.xcassets */ = {isa = PBXFileReference; lastKnownFileType = folder.assetcatalog; path = Assets.xcassets; sourceTree = "<group>"; };
		A8C6F21B28AA1BA000348559 /* Base */ = {isa = PBXFileReference; lastKnownFileType = file.storyboard; name = Base; path = Base.lproj/LaunchScreen.storyboard; sourceTree = "<group>"; };
		A8C6F21D28AA1BA000348559 /* Info.plist */ = {isa = PBXFileReference; lastKnownFileType = text.plist.xml; path = Info.plist; sourceTree = "<group>"; };
		A8C6F23028AA1DCD00348559 /* PopUpViewController.swift */ = {isa = PBXFileReference; lastKnownFileType = sourcecode.swift; path = PopUpViewController.swift; sourceTree = "<group>"; };
/* End PBXFileReference section */

/* Begin PBXFrameworksBuildPhase section */
		A8C6F20928AA1B9D00348559 /* Frameworks */ = {
			isa = PBXFrameworksBuildPhase;
			buildActionMask = 2147483647;
			files = (
				A8C6F22928AA1C2400348559 /* RxRelay in Frameworks */,
				A8C6F22D28AA1C2400348559 /* RxSwift in Frameworks */,
				A8C6F22528AA1C2400348559 /* RxCocoa in Frameworks */,
			);
			runOnlyForDeploymentPostprocessing = 0;
		};
/* End PBXFrameworksBuildPhase section */

/* Begin PBXGroup section */
		A8C6F20328AA1B9D00348559 = {
			isa = PBXGroup;
			children = (
				A8C6F20E28AA1B9D00348559 /* RxComponent */,
				A8C6F20D28AA1B9D00348559 /* Products */,
			);
			sourceTree = "<group>";
		};
		A8C6F20D28AA1B9D00348559 /* Products */ = {
			isa = PBXGroup;
			children = (
				A8C6F20C28AA1B9D00348559 /* RxComponent.app */,
			);
			name = Products;
			sourceTree = "<group>";
		};
		A8C6F20E28AA1B9D00348559 /* RxComponent */ = {
			isa = PBXGroup;
			children = (
				A8C6F20F28AA1B9D00348559 /* AppDelegate.swift */,
				A8C6F21128AA1B9D00348559 /* SceneDelegate.swift */,
				A8C6F21328AA1B9D00348559 /* ViewController.swift */,
				A8C6F23028AA1DCD00348559 /* PopUpViewController.swift */,
				A8C6F21528AA1B9D00348559 /* Main.storyboard */,
				A8C6F21828AA1BA000348559 /* Assets.xcassets */,
				A8C6F21A28AA1BA000348559 /* LaunchScreen.storyboard */,
				A8C6F21D28AA1BA000348559 /* Info.plist */,
			);
			path = RxComponent;
			sourceTree = "<group>";
		};
/* End PBXGroup section */

/* Begin PBXNativeTarget section */
		A8C6F20B28AA1B9D00348559 /* RxComponent */ = {
			isa = PBXNativeTarget;
			buildConfigurationList = A8C6F22028AA1BA000348559 /* Build configuration list for PBXNativeTarget "RxComponent" */;
			buildPhases = (
				A8C6F20828AA1B9D00348559 /* Sources */,
				A8C6F20928AA1B9D00348559 /* Frameworks */,
				A8C6F20A28AA1B9D00348559 /* Resources */,
			);
			buildRules = (
			);
			dependencies = (
			);
			name = RxComponent;
			packageProductDependencies = (
				A8C6F22428AA1C2400348559 /* RxCocoa */,
				A8C6F22828AA1C2400348559 /* RxRelay */,
				A8C6F22C28AA1C2400348559 /* RxSwift */,
			);
			productName = RxComponent;
			productReference = A8C6F20C28AA1B9D00348559 /* RxComponent.app */;
			productType = "com.apple.product-type.application";
		};
/* End PBXNativeTarget section */

/* Begin PBXProject section */
		A8C6F20428AA1B9D00348559 /* Project object */ = {
			isa = PBXProject;
			attributes = {
				BuildIndependentTargetsInParallel = 1;
				LastSwiftUpdateCheck = 1340;
				LastUpgradeCheck = 1340;
				TargetAttributes = {
					A8C6F20B28AA1B9D00348559 = {
						CreatedOnToolsVersion = 13.4.1;
					};
				};
			};
			buildConfigurationList = A8C6F20728AA1B9D00348559 /* Build configuration list for PBXProject "RxComponent" */;
			compatibilityVersion = "Xcode 13.0";
			developmentRegion = en;
			hasScannedForEncodings = 0;
			knownRegions = (
				en,
				Base,
			);
			mainGroup = A8C6F20328AA1B9D00348559;
			packageReferences = (
				A8C6F22328AA1C2400348559 /* XCRemoteSwiftPackageReference "RxSwift" */,
			);
			productRefGroup = A8C6F20D28AA1B9D00348559 /* Products */;
			projectDirPath = "";
			projectRoot = "";
			targets = (
				A8C6F20B28AA1B9D00348559 /* RxComponent */,
			);
		};
/* End PBXProject section */

/* Begin PBXResourcesBuildPhase section */
		A8C6F20A28AA1B9D00348559 /* Resources */ = {
			isa = PBXResourcesBuildPhase;
			buildActionMask = 2147483647;
			files = (
				A8C6F21C28AA1BA000348559 /* LaunchScreen.storyboard in Resources */,
				A8C6F21928AA1BA000348559 /* Assets.xcassets in Resources */,
				A8C6F21728AA1B9D00348559 /* Main.storyboard in Resources */,
			);
			runOnlyForDeploymentPostprocessing = 0;
		};
/* End PBXResourcesBuildPhase section */

/* Begin PBXSourcesBuildPhase section */
		A8C6F20828AA1B9D00348559 /* Sources */ = {
			isa = PBXSourcesBuildPhase;
			buildActionMask = 2147483647;
			files = (
				A8C6F21428AA1B9D00348559 /* ViewController.swift in Sources */,
				A8C6F21028AA1B9D00348559 /* AppDelegate.swift in Sources */,
				A8C6F21228AA1B9D00348559 /* SceneDelegate.swift in Sources */,
				A8C6F23128AA1DCD00348559 /* PopUpViewController.swift in Sources */,
			);
			runOnlyForDeploymentPostprocessing = 0;
		};
/* End PBXSourcesBuildPhase section */

/* Begin PBXVariantGroup section */
		A8C6F21528AA1B9D00348559 /* Main.storyboard */ = {
			isa = PBXVariantGroup;
			children = (
				A8C6F21628AA1B9D00348559 /* Base */,
			);
			name = Main.storyboard;
			sourceTree = "<group>";
		};
		A8C6F21A28AA1BA000348559 /* LaunchScreen.storyboard */ = {
			isa = PBXVariantGroup;
			children = (
				A8C6F21B28AA1BA000348559 /* Base */,
			);
			name = LaunchScreen.storyboard;
			sourceTree = "<group>";
		};
/* End PBXVariantGroup section */

/* Begin XCBuildConfiguration section */
		A8C6F21E28AA1BA000348559 /* Debug */ = {
			isa = XCBuildConfiguration;
			buildSettings = {
				ALWAYS_SEARCH_USER_PATHS = NO;
				CLANG_ANALYZER_NONNULL = YES;
				CLANG_ANALYZER_NUMBER_OBJECT_CONVERSION = YES_AGGRESSIVE;
				CLANG_CXX_LANGUAGE_STANDARD = "gnu++17";
				CLANG_ENABLE_MODULES = YES;
				CLANG_ENABLE_OBJC_ARC = YES;
				CLANG_ENABLE_OBJC_WEAK = YES;
				CLANG_WARN_BLOCK_CAPTURE_AUTORELEASING = YES;
				CLANG_WARN_BOOL_CONVERSION = YES;
				CLANG_WARN_COMMA = YES;
				CLANG_WARN_CONSTANT_CONVERSION = YES;
				CLANG_WARN_DEPRECATED_OBJC_IMPLEMENTATIONS = YES;
				CLANG_WARN_DIRECT_OBJC_ISA_USAGE = YES_ERROR;
				CLANG_WARN_DOCUMENTATION_COMMENTS = YES;
				CLANG_WARN_EMPTY_BODY = YES;
				CLANG_WARN_ENUM_CONVERSION = YES;
				CLANG_WARN_INFINITE_RECURSION = YES;
				CLANG_WARN_INT_CONVERSION = YES;
				CLANG_WARN_NON_LITERAL_NULL_CONVERSION = YES;
				CLANG_WARN_OBJC_IMPLICIT_RETAIN_SELF = YES;
				CLANG_WARN_OBJC_LITERAL_CONVERSION = YES;
				CLANG_WARN_OBJC_ROOT_CLASS = YES_ERROR;
				CLANG_WARN_QUOTED_INCLUDE_IN_FRAMEWORK_HEADER = YES;
				CLANG_WARN_RANGE_LOOP_ANALYSIS = YES;
				CLANG_WARN_STRICT_PROTOTYPES = YES;
				CLANG_WARN_SUSPICIOUS_MOVE = YES;
				CLANG_WARN_UNGUARDED_AVAILABILITY = YES_AGGRESSIVE;
				CLANG_WARN_UNREACHABLE_CODE = YES;
				CLANG_WARN__DUPLICATE_METHOD_MATCH = YES;
				COPY_PHASE_STRIP = NO;
				DEBUG_INFORMATION_FORMAT = dwarf;
				ENABLE_STRICT_OBJC_MSGSEND = YES;
				ENABLE_TESTABILITY = YES;
				GCC_C_LANGUAGE_STANDARD = gnu11;
				GCC_DYNAMIC_NO_PIC = NO;
				GCC_NO_COMMON_BLOCKS = YES;
				GCC_OPTIMIZATION_LEVEL = 0;
				GCC_PREPROCESSOR_DEFINITIONS = (
					"DEBUG=1",
					"$(inherited)",
				);
				GCC_WARN_64_TO_32_BIT_CONVERSION = YES;
				GCC_WARN_ABOUT_RETURN_TYPE = YES_ERROR;
				GCC_WARN_UNDECLARED_SELECTOR = YES;
				GCC_WARN_UNINITIALIZED_AUTOS = YES_AGGRESSIVE;
				GCC_WARN_UNUSED_FUNCTION = YES;
				GCC_WARN_UNUSED_VARIABLE = YES;
				IPHONEOS_DEPLOYMENT_TARGET = 15.5;
				MTL_ENABLE_DEBUG_INFO = INCLUDE_SOURCE;
				MTL_FAST_MATH = YES;
				ONLY_ACTIVE_ARCH = YES;
				SDKROOT = iphoneos;
				SWIFT_ACTIVE_COMPILATION_CONDITIONS = DEBUG;
				SWIFT_OPTIMIZATION_LEVEL = "-Onone";
			};
			name = Debug;
		};
		A8C6F21F28AA1BA000348559 /* Release */ = {
			isa = XCBuildConfiguration;
			buildSettings = {
				ALWAYS_SEARCH_USER_PATHS = NO;
				CLANG_ANALYZER_NONNULL = YES;
				CLANG_ANALYZER_NUMBER_OBJECT_CONVERSION = YES_AGGRESSIVE;
				CLANG_CXX_LANGUAGE_STANDARD = "gnu++17";
				CLANG_ENABLE_MODULES = YES;
				CLANG_ENABLE_OBJC_ARC = YES;
				CLANG_ENABLE_OBJC_WEAK = YES;
				CLANG_WARN_BLOCK_CAPTURE_AUTORELEASING = YES;
				CLANG_WARN_BOOL_CONVERSION = YES;
				CLANG_WARN_COMMA = YES;
				CLANG_WARN_CONSTANT_CONVERSION = YES;
				CLANG_WARN_DEPRECATED_OBJC_IMPLEMENTATIONS = YES;
				CLANG_WARN_DIRECT_OBJC_ISA_USAGE = YES_ERROR;
				CLANG_WARN_DOCUMENTATION_COMMENTS = YES;
				CLANG_WARN_EMPTY_BODY = YES;
				CLANG_WARN_ENUM_CONVERSION = YES;
				CLANG_WARN_INFINITE_RECURSION = YES;
				CLANG_WARN_INT_CONVERSION = YES;
				CLANG_WARN_NON_LITERAL_NULL_CONVERSION = YES;
				CLANG_WARN_OBJC_IMPLICIT_RETAIN_SELF = YES;
				CLANG_WARN_OBJC_LITERAL_CONVERSION = YES;
				CLANG_WARN_OBJC_ROOT_CLASS = YES_ERROR;
				CLANG_WARN_QUOTED_INCLUDE_IN_FRAMEWORK_HEADER = YES;
				CLANG_WARN_RANGE_LOOP_ANALYSIS = YES;
				CLANG_WARN_STRICT_PROTOTYPES = YES;
				CLANG_WARN_SUSPICIOUS_MOVE = YES;
				CLANG_WARN_UNGUARDED_AVAILABILITY = YES_AGGRESSIVE;
				CLANG_WARN_UNREACHABLE_CODE = YES;
				CLANG_WARN__DUPLICATE_METHOD_MATCH = YES;
				COPY_PHASE_STRIP = NO;
				DEBUG_INFORMATION_FORMAT = "dwarf-with-dsym";
				ENABLE_NS_ASSERTIONS = NO;
				ENABLE_STRICT_OBJC_MSGSEND = YES;
				GCC_C_LANGUAGE_STANDARD = gnu11;
				GCC_NO_COMMON_BLOCKS = YES;
				GCC_WARN_64_TO_32_BIT_CONVERSION = YES;
				GCC_WARN_ABOUT_RETURN_TYPE = YES_ERROR;
				GCC_WARN_UNDECLARED_SELECTOR = YES;
				GCC_WARN_UNINITIALIZED_AUTOS = YES_AGGRESSIVE;
				GCC_WARN_UNUSED_FUNCTION = YES;
				GCC_WARN_UNUSED_VARIABLE = YES;
				IPHONEOS_DEPLOYMENT_TARGET = 15.5;
				MTL_ENABLE_DEBUG_INFO = NO;
				MTL_FAST_MATH = YES;
				SDKROOT = iphoneos;
				SWIFT_COMPILATION_MODE = wholemodule;
				SWIFT_OPTIMIZATION_LEVEL = "-O";
				VALIDATE_PRODUCT = YES;
			};
			name = Release;
		};
		A8C6F22128AA1BA000348559 /* Debug */ = {
			isa = XCBuildConfiguration;
			buildSettings = {
				ASSETCATALOG_COMPILER_APPICON_NAME = AppIcon;
				ASSETCATALOG_COMPILER_GLOBAL_ACCENT_COLOR_NAME = AccentColor;
				CODE_SIGN_STYLE = Automatic;
				CURRENT_PROJECT_VERSION = 1;
				DEVELOPMENT_TEAM = HBXK2UB5Z3;
				GENERATE_INFOPLIST_FILE = YES;
				INFOPLIST_FILE = RxComponent/Info.plist;
				INFOPLIST_KEY_UIApplicationSupportsIndirectInputEvents = YES;
				INFOPLIST_KEY_UILaunchStoryboardName = LaunchScreen;
				INFOPLIST_KEY_UIMainStoryboardFile = Main;
				INFOPLIST_KEY_UISupportedInterfaceOrientations_iPad = "UIInterfaceOrientationPortrait UIInterfaceOrientationPortraitUpsideDown UIInterfaceOrientationLandscapeLeft UIInterfaceOrientationLandscapeRight";
				INFOPLIST_KEY_UISupportedInterfaceOrientations_iPhone = "UIInterfaceOrientationPortrait UIInterfaceOrientationLandscapeLeft UIInterfaceOrientationLandscapeRight";
				LD_RUNPATH_SEARCH_PATHS = (
					"$(inherited)",
					"@executable_path/Frameworks",
				);
				MARKETING_VERSION = 1.0;
				PRODUCT_BUNDLE_IDENTIFIER = dev.kickbell.RxComponent;
				PRODUCT_NAME = "$(TARGET_NAME)";
				SWIFT_EMIT_LOC_STRINGS = YES;
				SWIFT_VERSION = 5.0;
				TARGETED_DEVICE_FAMILY = "1,2";
			};
			name = Debug;
		};
		A8C6F22228AA1BA000348559 /* Release */ = {
			isa = XCBuildConfiguration;
			buildSettings = {
				ASSETCATALOG_COMPILER_APPICON_NAME = AppIcon;
				ASSETCATALOG_COMPILER_GLOBAL_ACCENT_COLOR_NAME = AccentColor;
				CODE_SIGN_STYLE = Automatic;
				CURRENT_PROJECT_VERSION = 1;
				DEVELOPMENT_TEAM = HBXK2UB5Z3;
				GENERATE_INFOPLIST_FILE = YES;
				INFOPLIST_FILE = RxComponent/Info.plist;
				INFOPLIST_KEY_UIApplicationSupportsIndirectInputEvents = YES;
				INFOPLIST_KEY_UILaunchStoryboardName = LaunchScreen;
				INFOPLIST_KEY_UIMainStoryboardFile = Main;
				INFOPLIST_KEY_UISupportedInterfaceOrientations_iPad = "UIInterfaceOrientationPortrait UIInterfaceOrientationPortraitUpsideDown UIInterfaceOrientationLandscapeLeft UIInterfaceOrientationLandscapeRight";
				INFOPLIST_KEY_UISupportedInterfaceOrientations_iPhone = "UIInterfaceOrientationPortrait UIInterfaceOrientationLandscapeLeft UIInterfaceOrientationLandscapeRight";
				LD_RUNPATH_SEARCH_PATHS = (
					"$(inherited)",
					"@executable_path/Frameworks",
				);
				MARKETING_VERSION = 1.0;
				PRODUCT_BUNDLE_IDENTIFIER = dev.kickbell.RxComponent;
				PRODUCT_NAME = "$(TARGET_NAME)";
				SWIFT_EMIT_LOC_STRINGS = YES;
				SWIFT_VERSION = 5.0;
				TARGETED_DEVICE_FAMILY = "1,2";
			};
			name = Release;
		};
/* End XCBuildConfiguration section */

/* Begin XCConfigurationList section */
		A8C6F20728AA1B9D00348559 /* Build configuration list for PBXProject "RxComponent" */ = {
			isa = XCConfigurationList;
			buildConfigurations = (
				A8C6F21E28AA1BA000348559 /* Debug */,
				A8C6F21F28AA1BA000348559 /* Release */,
			);
			defaultConfigurationIsVisible = 0;
			defaultConfigurationName = Release;
		};
		A8C6F22028AA1BA000348559 /* Build configuration list for PBXNativeTarget "RxComponent" */ = {
			isa = XCConfigurationList;
			buildConfigurations = (
				A8C6F22128AA1BA000348559 /* Debug */,
				A8C6F22228AA1BA000348559 /* Release */,
			);
			defaultConfigurationIsVisible = 0;
			defaultConfigurationName = Release;
		};
/* End XCConfigurationList section */

/* Begin XCRemoteSwiftPackageReference section */
		A8C6F22328AA1C2400348559 /* XCRemoteSwiftPackageReference "RxSwift" */ = {
			isa = XCRemoteSwiftPackageReference;
			repositoryURL = "https://github.com/ReactiveX/RxSwift";
			requirement = {
				kind = upToNextMajorVersion;
				minimumVersion = 6.0.0;
			};
		};
/* End XCRemoteSwiftPackageReference section */

/* Begin XCSwiftPackageProductDependency section */
		A8C6F22428AA1C2400348559 /* RxCocoa */ = {
			isa = XCSwiftPackageProductDependency;
			package = A8C6F22328AA1C2400348559 /* XCRemoteSwiftPackageReference "RxSwift" */;
			productName = RxCocoa;
		};
		A8C6F22828AA1C2400348559 /* RxRelay */ = {
			isa = XCSwiftPackageProductDependency;
			package = A8C6F22328AA1C2400348559 /* XCRemoteSwiftPackageReference "RxSwift" */;
			productName = RxRelay;
		};
		A8C6F22C28AA1C2400348559 /* RxSwift */ = {
			isa = XCSwiftPackageProductDependency;
			package = A8C6F22328AA1C2400348559 /* XCRemoteSwiftPackageReference "RxSwift" */;
			productName = RxSwift;
		};
/* End XCSwiftPackageProductDependency section */
	};
	rootObject = A8C6F20428AA1B9D00348559 /* Project object */;
}
