// !$*UTF8*$!
{
	archiveVersion = 1;
	classes = {
	};
	objectVersion = 55;
	objects = {

/* Begin PBXBuildFile section */
		A803B93329DC70B70063D7B6 /* Reactive+Utils.swift in Sources */ = {isa = PBXBuildFile; fileRef = A803B93229DC70B70063D7B6 /* Reactive+Utils.swift */; };
		A803B93A29DC73650063D7B6 /* RepositoryhSearchService.swift in Sources */ = {isa = PBXBuildFile; fileRef = A803B93729DC73640063D7B6 /* RepositoryhSearchService.swift */; };
		A803B93B29DC73650063D7B6 /* RepositorySearchEndpoint.swift in Sources */ = {isa = PBXBuildFile; fileRef = A803B93829DC73650063D7B6 /* RepositorySearchEndpoint.swift */; };
		A803B93C29DC73650063D7B6 /* RepositorySearchRequest.swift in Sources */ = {isa = PBXBuildFile; fileRef = A803B93929DC73650063D7B6 /* RepositorySearchRequest.swift */; };
		A826FBD329D7DF4A0092775C /* RepositoryReactor.swift in Sources */ = {isa = PBXBuildFile; fileRef = A826FBD229D7DF4A0092775C /* RepositoryReactor.swift */; };
		A826FBD929D8723C0092775C /* Request.swift in Sources */ = {isa = PBXBuildFile; fileRef = A826FBD829D8723C0092775C /* Request.swift */; };
		A826FBDB29D872520092775C /* EndPoint.swift in Sources */ = {isa = PBXBuildFile; fileRef = A826FBDA29D872520092775C /* EndPoint.swift */; };
		A826FBDD29D872750092775C /* HttpMethod.swift in Sources */ = {isa = PBXBuildFile; fileRef = A826FBDC29D872750092775C /* HttpMethod.swift */; };
		A826FBDF29D872E90092775C /* Network.swift in Sources */ = {isa = PBXBuildFile; fileRef = A826FBDE29D872E90092775C /* Network.swift */; };
		A826FBE229D873330092775C /* NetworkImp.swift in Sources */ = {isa = PBXBuildFile; fileRef = A826FBE129D873330092775C /* NetworkImp.swift */; };
		A826FC4C29D933090092775C /* ReactorKit in Frameworks */ = {isa = PBXBuildFile; productRef = A826FC4B29D933090092775C /* ReactorKit */; };
		A82B8F5C29D58125006E2891 /* Decodable+Utils.swift in Sources */ = {isa = PBXBuildFile; fileRef = A82B8F5929D58125006E2891 /* Decodable+Utils.swift */; };
		A82B8F5D29D58125006E2891 /* UITableView+Utils.swift in Sources */ = {isa = PBXBuildFile; fileRef = A82B8F5A29D58125006E2891 /* UITableView+Utils.swift */; };
		A82B8F5E29D58125006E2891 /* UIViewController+Utils.swift in Sources */ = {isa = PBXBuildFile; fileRef = A82B8F5B29D58125006E2891 /* UIViewController+Utils.swift */; };
		A82B8F6229D584D2006E2891 /* RepositoryCell.swift in Sources */ = {isa = PBXBuildFile; fileRef = A82B8F6129D584D2006E2891 /* RepositoryCell.swift */; };
		A82B8F6429D584E8006E2891 /* RepositoryViewController.swift in Sources */ = {isa = PBXBuildFile; fileRef = A82B8F6329D584E8006E2891 /* RepositoryViewController.swift */; };
		A82B8F6629D58DFC006E2891 /* RecentSearchCell.swift in Sources */ = {isa = PBXBuildFile; fileRef = A82B8F6529D58DFC006E2891 /* RecentSearchCell.swift */; };
		A82B8F6A29D5A260006E2891 /* Repository.swift in Sources */ = {isa = PBXBuildFile; fileRef = A82B8F6929D5A260006E2891 /* Repository.swift */; };
		A82B8F6C29D5A810006E2891 /* github-colors.json in Resources */ = {isa = PBXBuildFile; fileRef = A82B8F6B29D5A810006E2891 /* github-colors.json */; };
		A82B8F7029D5B06C006E2891 /* Formatter+Utils.swift in Sources */ = {isa = PBXBuildFile; fileRef = A82B8F6F29D5B06C006E2891 /* Formatter+Utils.swift */; };
		A82B8F7229D5B098006E2891 /* Response.swift in Sources */ = {isa = PBXBuildFile; fileRef = A82B8F7129D5B098006E2891 /* Response.swift */; };
		A82B8F7429D5B0B4006E2891 /* Owner.swift in Sources */ = {isa = PBXBuildFile; fileRef = A82B8F7329D5B0B4006E2891 /* Owner.swift */; };
		A82B8F7929D5B7CB006E2891 /* UIColor+Utils.swift in Sources */ = {isa = PBXBuildFile; fileRef = A82B8F7829D5B7CB006E2891 /* UIColor+Utils.swift */; };
		A82B8F7B29D5B7E7006E2891 /* Language+Utils.swift in Sources */ = {isa = PBXBuildFile; fileRef = A82B8F7A29D5B7E7006E2891 /* Language+Utils.swift */; };
		A82B8F7D29D5C10A006E2891 /* Sort.swift in Sources */ = {isa = PBXBuildFile; fileRef = A82B8F7C29D5C10A006E2891 /* Sort.swift */; };
		A82B8F7F29D5C1A7006E2891 /* Order.swift in Sources */ = {isa = PBXBuildFile; fileRef = A82B8F7E29D5C1A7006E2891 /* Order.swift */; };
		A82B8F8129D5C275006E2891 /* SearchOptionsController.swift in Sources */ = {isa = PBXBuildFile; fileRef = A82B8F8029D5C275006E2891 /* SearchOptionsController.swift */; };
		A82B8F8329D5CB78006E2891 /* SearchOptionable.swift in Sources */ = {isa = PBXBuildFile; fileRef = A82B8F8229D5CB78006E2891 /* SearchOptionable.swift */; };
		A82B8F8529D67EDE006E2891 /* RecentSearchHeaderView.swift in Sources */ = {isa = PBXBuildFile; fileRef = A82B8F8429D67EDE006E2891 /* RecentSearchHeaderView.swift */; };
		A82B8F8729D681DC006E2891 /* UIFont+Utils.swift in Sources */ = {isa = PBXBuildFile; fileRef = A82B8F8629D681DC006E2891 /* UIFont+Utils.swift */; };
		A82B8F8E29D72088006E2891 /* Coordinator.swift in Sources */ = {isa = PBXBuildFile; fileRef = A82B8F8D29D72088006E2891 /* Coordinator.swift */; };
		A82B8F9029D7209A006E2891 /* SearchCoordinator.swift in Sources */ = {isa = PBXBuildFile; fileRef = A82B8F8F29D7209A006E2891 /* SearchCoordinator.swift */; };
		A82B8F9329D750D6006E2891 /* UserDefaultService.swift in Sources */ = {isa = PBXBuildFile; fileRef = A82B8F9229D750D6006E2891 /* UserDefaultService.swift */; };
		A82B8F9529D756AE006E2891 /* RecentSearchService.swift in Sources */ = {isa = PBXBuildFile; fileRef = A82B8F9429D756AE006E2891 /* RecentSearchService.swift */; };
		A82B8F9729D7575D006E2891 /* Array+Utils.swift in Sources */ = {isa = PBXBuildFile; fileRef = A82B8F9629D7575D006E2891 /* Array+Utils.swift */; };
		A82B8F9929D7DA94006E2891 /* RecentSearchReactor.swift in Sources */ = {isa = PBXBuildFile; fileRef = A82B8F9829D7DA94006E2891 /* RecentSearchReactor.swift */; };
		A82B8F9B29D7DEA3006E2891 /* RecentSearchViewController.swift in Sources */ = {isa = PBXBuildFile; fileRef = A82B8F9A29D7DEA3006E2891 /* RecentSearchViewController.swift */; };
		A84DBB9329D56D0D000CA8CF /* AppDelegate.swift in Sources */ = {isa = PBXBuildFile; fileRef = A84DBB9229D56D0D000CA8CF /* AppDelegate.swift */; };
		A84DBB9529D56D0D000CA8CF /* SceneDelegate.swift in Sources */ = {isa = PBXBuildFile; fileRef = A84DBB9429D56D0D000CA8CF /* SceneDelegate.swift */; };
		A84DBB9C29D56D0F000CA8CF /* Assets.xcassets in Resources */ = {isa = PBXBuildFile; fileRef = A84DBB9B29D56D0F000CA8CF /* Assets.xcassets */; };
		A84DBB9F29D56D10000CA8CF /* LaunchScreen.storyboard in Resources */ = {isa = PBXBuildFile; fileRef = A84DBB9D29D56D10000CA8CF /* LaunchScreen.storyboard */; };
		A8F66C1229DC7EF300A24F90 /* GithubSearchTests.swift in Sources */ = {isa = PBXBuildFile; fileRef = A8F66C1129DC7EF300A24F90 /* GithubSearchTests.swift */; };
		A8F66C1B29DC7F8C00A24F90 /* MockURLProtocol.swift in Sources */ = {isa = PBXBuildFile; fileRef = A8F66C1A29DC7F8C00A24F90 /* MockURLProtocol.swift */; };
		A8F66C1D29DC80EA00A24F90 /* repositories.json in Resources */ = {isa = PBXBuildFile; fileRef = A8F66C1C29DC80EA00A24F90 /* repositories.json */; };
		A8F66C2429DEDF6A00A24F90 /* ImageCache.swift in Sources */ = {isa = PBXBuildFile; fileRef = A8F66C2329DEDF6A00A24F90 /* ImageCache.swift */; };
		A8F66C2929DEFA3600A24F90 /* ImageURLProtocol.swift in Sources */ = {isa = PBXBuildFile; fileRef = A8F66C2529DEDF7900A24F90 /* ImageURLProtocol.swift */; };
		A8F66C2B29DF031600A24F90 /* QueryItem.swift in Sources */ = {isa = PBXBuildFile; fileRef = A8F66C2A29DF031600A24F90 /* QueryItem.swift */; };
		A8F66C2D29DF097800A24F90 /* URLOpenerProtocol.swift in Sources */ = {isa = PBXBuildFile; fileRef = A8F66C2C29DF097800A24F90 /* URLOpenerProtocol.swift */; };
		A8F66C3329DF149C00A24F90 /* RxCocoa in Frameworks */ = {isa = PBXBuildFile; productRef = A8F66C3229DF149C00A24F90 /* RxCocoa */; };
/* End PBXBuildFile section */

/* Begin PBXContainerItemProxy section */
		A8F66C1329DC7EF300A24F90 /* PBXContainerItemProxy */ = {
			isa = PBXContainerItemProxy;
			containerPortal = A84DBB8729D56D0C000CA8CF /* Project object */;
			proxyType = 1;
			remoteGlobalIDString = A84DBB8E29D56D0D000CA8CF;
			remoteInfo = GithubSearch;
		};
/* End PBXContainerItemProxy section */

/* Begin PBXFileReference section */
		A803B93229DC70B70063D7B6 /* Reactive+Utils.swift */ = {isa = PBXFileReference; lastKnownFileType = sourcecode.swift; path = "Reactive+Utils.swift"; sourceTree = "<group>"; };
		A803B93729DC73640063D7B6 /* RepositoryhSearchService.swift */ = {isa = PBXFileReference; fileEncoding = 4; lastKnownFileType = sourcecode.swift; path = RepositoryhSearchService.swift; sourceTree = "<group>"; };
		A803B93829DC73650063D7B6 /* RepositorySearchEndpoint.swift */ = {isa = PBXFileReference; fileEncoding = 4; lastKnownFileType = sourcecode.swift; path = RepositorySearchEndpoint.swift; sourceTree = "<group>"; };
		A803B93929DC73650063D7B6 /* RepositorySearchRequest.swift */ = {isa = PBXFileReference; fileEncoding = 4; lastKnownFileType = sourcecode.swift; path = RepositorySearchRequest.swift; sourceTree = "<group>"; };
		A826FBD229D7DF4A0092775C /* RepositoryReactor.swift */ = {isa = PBXFileReference; lastKnownFileType = sourcecode.swift; path = RepositoryReactor.swift; sourceTree = "<group>"; };
		A826FBD829D8723C0092775C /* Request.swift */ = {isa = PBXFileReference; lastKnownFileType = sourcecode.swift; path = Request.swift; sourceTree = "<group>"; };
		A826FBDA29D872520092775C /* EndPoint.swift */ = {isa = PBXFileReference; lastKnownFileType = sourcecode.swift; path = EndPoint.swift; sourceTree = "<group>"; };
		A826FBDC29D872750092775C /* HttpMethod.swift */ = {isa = PBXFileReference; lastKnownFileType = sourcecode.swift; path = HttpMethod.swift; sourceTree = "<group>"; };
		A826FBDE29D872E90092775C /* Network.swift */ = {isa = PBXFileReference; lastKnownFileType = sourcecode.swift; path = Network.swift; sourceTree = "<group>"; };
		A826FBE129D873330092775C /* NetworkImp.swift */ = {isa = PBXFileReference; lastKnownFileType = sourcecode.swift; path = NetworkImp.swift; sourceTree = "<group>"; };
		A82B8F5929D58125006E2891 /* Decodable+Utils.swift */ = {isa = PBXFileReference; fileEncoding = 4; lastKnownFileType = sourcecode.swift; path = "Decodable+Utils.swift"; sourceTree = "<group>"; };
		A82B8F5A29D58125006E2891 /* UITableView+Utils.swift */ = {isa = PBXFileReference; fileEncoding = 4; lastKnownFileType = sourcecode.swift; path = "UITableView+Utils.swift"; sourceTree = "<group>"; };
		A82B8F5B29D58125006E2891 /* UIViewController+Utils.swift */ = {isa = PBXFileReference; fileEncoding = 4; lastKnownFileType = sourcecode.swift; path = "UIViewController+Utils.swift"; sourceTree = "<group>"; };
		A82B8F6129D584D2006E2891 /* RepositoryCell.swift */ = {isa = PBXFileReference; lastKnownFileType = sourcecode.swift; path = RepositoryCell.swift; sourceTree = "<group>"; };
		A82B8F6329D584E8006E2891 /* RepositoryViewController.swift */ = {isa = PBXFileReference; lastKnownFileType = sourcecode.swift; path = RepositoryViewController.swift; sourceTree = "<group>"; };
		A82B8F6529D58DFC006E2891 /* RecentSearchCell.swift */ = {isa = PBXFileReference; lastKnownFileType = sourcecode.swift; path = RecentSearchCell.swift; sourceTree = "<group>"; };
		A82B8F6929D5A260006E2891 /* Repository.swift */ = {isa = PBXFileReference; lastKnownFileType = sourcecode.swift; path = Repository.swift; sourceTree = "<group>"; };
		A82B8F6B29D5A810006E2891 /* github-colors.json */ = {isa = PBXFileReference; lastKnownFileType = text.json; path = "github-colors.json"; sourceTree = "<group>"; };
		A82B8F6F29D5B06C006E2891 /* Formatter+Utils.swift */ = {isa = PBXFileReference; lastKnownFileType = sourcecode.swift; path = "Formatter+Utils.swift"; sourceTree = "<group>"; };
		A82B8F7129D5B098006E2891 /* Response.swift */ = {isa = PBXFileReference; lastKnownFileType = sourcecode.swift; path = Response.swift; sourceTree = "<group>"; };
		A82B8F7329D5B0B4006E2891 /* Owner.swift */ = {isa = PBXFileReference; lastKnownFileType = sourcecode.swift; path = Owner.swift; sourceTree = "<group>"; };
		A82B8F7829D5B7CB006E2891 /* UIColor+Utils.swift */ = {isa = PBXFileReference; lastKnownFileType = sourcecode.swift; path = "UIColor+Utils.swift"; sourceTree = "<group>"; };
		A82B8F7A29D5B7E7006E2891 /* Language+Utils.swift */ = {isa = PBXFileReference; lastKnownFileType = sourcecode.swift; path = "Language+Utils.swift"; sourceTree = "<group>"; };
		A82B8F7C29D5C10A006E2891 /* Sort.swift */ = {isa = PBXFileReference; lastKnownFileType = sourcecode.swift; path = Sort.swift; sourceTree = "<group>"; };
		A82B8F7E29D5C1A7006E2891 /* Order.swift */ = {isa = PBXFileReference; lastKnownFileType = sourcecode.swift; path = Order.swift; sourceTree = "<group>"; };
		A82B8F8029D5C275006E2891 /* SearchOptionsController.swift */ = {isa = PBXFileReference; lastKnownFileType = sourcecode.swift; path = SearchOptionsController.swift; sourceTree = "<group>"; };
		A82B8F8229D5CB78006E2891 /* SearchOptionable.swift */ = {isa = PBXFileReference; lastKnownFileType = sourcecode.swift; path = SearchOptionable.swift; sourceTree = "<group>"; };
		A82B8F8429D67EDE006E2891 /* RecentSearchHeaderView.swift */ = {isa = PBXFileReference; lastKnownFileType = sourcecode.swift; path = RecentSearchHeaderView.swift; sourceTree = "<group>"; };
		A82B8F8629D681DC006E2891 /* UIFont+Utils.swift */ = {isa = PBXFileReference; lastKnownFileType = sourcecode.swift; path = "UIFont+Utils.swift"; sourceTree = "<group>"; };
		A82B8F8D29D72088006E2891 /* Coordinator.swift */ = {isa = PBXFileReference; lastKnownFileType = sourcecode.swift; path = Coordinator.swift; sourceTree = "<group>"; };
		A82B8F8F29D7209A006E2891 /* SearchCoordinator.swift */ = {isa = PBXFileReference; lastKnownFileType = sourcecode.swift; path = SearchCoordinator.swift; sourceTree = "<group>"; };
		A82B8F9229D750D6006E2891 /* UserDefaultService.swift */ = {isa = PBXFileReference; lastKnownFileType = sourcecode.swift; path = UserDefaultService.swift; sourceTree = "<group>"; };
		A82B8F9429D756AE006E2891 /* RecentSearchService.swift */ = {isa = PBXFileReference; lastKnownFileType = sourcecode.swift; path = RecentSearchService.swift; sourceTree = "<group>"; };
		A82B8F9629D7575D006E2891 /* Array+Utils.swift */ = {isa = PBXFileReference; lastKnownFileType = sourcecode.swift; path = "Array+Utils.swift"; sourceTree = "<group>"; };
		A82B8F9829D7DA94006E2891 /* RecentSearchReactor.swift */ = {isa = PBXFileReference; lastKnownFileType = sourcecode.swift; path = RecentSearchReactor.swift; sourceTree = "<group>"; };
		A82B8F9A29D7DEA3006E2891 /* RecentSearchViewController.swift */ = {isa = PBXFileReference; lastKnownFileType = sourcecode.swift; path = RecentSearchViewController.swift; sourceTree = "<group>"; };
		A84DBB8F29D56D0D000CA8CF /* GithubSearch.app */ = {isa = PBXFileReference; explicitFileType = wrapper.application; includeInIndex = 0; path = GithubSearch.app; sourceTree = BUILT_PRODUCTS_DIR; };
		A84DBB9229D56D0D000CA8CF /* AppDelegate.swift */ = {isa = PBXFileReference; lastKnownFileType = sourcecode.swift; path = AppDelegate.swift; sourceTree = "<group>"; };
		A84DBB9429D56D0D000CA8CF /* SceneDelegate.swift */ = {isa = PBXFileReference; lastKnownFileType = sourcecode.swift; path = SceneDelegate.swift; sourceTree = "<group>"; };
		A84DBB9B29D56D0F000CA8CF /* Assets.xcassets */ = {isa = PBXFileReference; lastKnownFileType = folder.assetcatalog; path = Assets.xcassets; sourceTree = "<group>"; };
		A84DBB9E29D56D10000CA8CF /* Base */ = {isa = PBXFileReference; lastKnownFileType = file.storyboard; name = Base; path = Base.lproj/LaunchScreen.storyboard; sourceTree = "<group>"; };
		A84DBBA029D56D10000CA8CF /* Info.plist */ = {isa = PBXFileReference; lastKnownFileType = text.plist.xml; path = Info.plist; sourceTree = "<group>"; };
		A8F66C0F29DC7EF300A24F90 /* GithubSearchTests.xctest */ = {isa = PBXFileReference; explicitFileType = wrapper.cfbundle; includeInIndex = 0; path = GithubSearchTests.xctest; sourceTree = BUILT_PRODUCTS_DIR; };
		A8F66C1129DC7EF300A24F90 /* GithubSearchTests.swift */ = {isa = PBXFileReference; lastKnownFileType = sourcecode.swift; path = GithubSearchTests.swift; sourceTree = "<group>"; };
		A8F66C1A29DC7F8C00A24F90 /* MockURLProtocol.swift */ = {isa = PBXFileReference; fileEncoding = 4; lastKnownFileType = sourcecode.swift; path = MockURLProtocol.swift; sourceTree = "<group>"; };
		A8F66C1C29DC80EA00A24F90 /* repositories.json */ = {isa = PBXFileReference; lastKnownFileType = text.json; path = repositories.json; sourceTree = "<group>"; };
		A8F66C2329DEDF6A00A24F90 /* ImageCache.swift */ = {isa = PBXFileReference; lastKnownFileType = sourcecode.swift; path = ImageCache.swift; sourceTree = "<group>"; };
		A8F66C2529DEDF7900A24F90 /* ImageURLProtocol.swift */ = {isa = PBXFileReference; lastKnownFileType = sourcecode.swift; path = ImageURLProtocol.swift; sourceTree = "<group>"; };
		A8F66C2A29DF031600A24F90 /* QueryItem.swift */ = {isa = PBXFileReference; lastKnownFileType = sourcecode.swift; path = QueryItem.swift; sourceTree = "<group>"; };
		A8F66C2C29DF097800A24F90 /* URLOpenerProtocol.swift */ = {isa = PBXFileReference; fileEncoding = 4; lastKnownFileType = sourcecode.swift; path = URLOpenerProtocol.swift; sourceTree = "<group>"; };
/* End PBXFileReference section */

/* Begin PBXFrameworksBuildPhase section */
		A84DBB8C29D56D0D000CA8CF /* Frameworks */ = {
			isa = PBXFrameworksBuildPhase;
			buildActionMask = 2147483647;
			files = (
				A8F66C3329DF149C00A24F90 /* RxCocoa in Frameworks */,
				A826FC4C29D933090092775C /* ReactorKit in Frameworks */,
			);
			runOnlyForDeploymentPostprocessing = 0;
		};
		A8F66C0C29DC7EF300A24F90 /* Frameworks */ = {
			isa = PBXFrameworksBuildPhase;
			buildActionMask = 2147483647;
			files = (
			);
			runOnlyForDeploymentPostprocessing = 0;
		};
/* End PBXFrameworksBuildPhase section */

/* Begin PBXGroup section */
		A803B93629DC72FF0063D7B6 /* RepositorySearchService */ = {
			isa = PBXGroup;
			children = (
				A803B93729DC73640063D7B6 /* RepositoryhSearchService.swift */,
				A803B93829DC73650063D7B6 /* RepositorySearchEndpoint.swift */,
				A803B93929DC73650063D7B6 /* RepositorySearchRequest.swift */,
			);
			path = RepositorySearchService;
			sourceTree = "<group>";
		};
		A826FBD029D7DF1E0092775C /* Views */ = {
			isa = PBXGroup;
			children = (
				A82B8F8429D67EDE006E2891 /* RecentSearchHeaderView.swift */,
				A82B8F6529D58DFC006E2891 /* RecentSearchCell.swift */,
			);
			path = Views;
			sourceTree = "<group>";
		};
		A826FBD129D7DF3B0092775C /* Views */ = {
			isa = PBXGroup;
			children = (
				A82B8F6129D584D2006E2891 /* RepositoryCell.swift */,
			);
			path = Views;
			sourceTree = "<group>";
		};
		A826FBD729D8722F0092775C /* Network */ = {
			isa = PBXGroup;
			children = (
				A826FBD829D8723C0092775C /* Request.swift */,
				A826FBDA29D872520092775C /* EndPoint.swift */,
				A826FBDC29D872750092775C /* HttpMethod.swift */,
				A826FBDE29D872E90092775C /* Network.swift */,
			);
			path = Network;
			sourceTree = "<group>";
		};
		A826FBE029D873200092775C /* NetworkImp */ = {
			isa = PBXGroup;
			children = (
				A826FBE129D873330092775C /* NetworkImp.swift */,
			);
			path = NetworkImp;
			sourceTree = "<group>";
		};
		A826FBE329D884170092775C /* RecentSearchService */ = {
			isa = PBXGroup;
			children = (
				A82B8F9229D750D6006E2891 /* UserDefaultService.swift */,
				A82B8F9429D756AE006E2891 /* RecentSearchService.swift */,
			);
			path = RecentSearchService;
			sourceTree = "<group>";
		};
		A82B8F7529D5B0E4006E2891 /* Entities */ = {
			isa = PBXGroup;
			children = (
				A82B8F7129D5B098006E2891 /* Response.swift */,
				A82B8F6929D5A260006E2891 /* Repository.swift */,
				A82B8F7329D5B0B4006E2891 /* Owner.swift */,
				A82B8F8229D5CB78006E2891 /* SearchOptionable.swift */,
				A82B8F7C29D5C10A006E2891 /* Sort.swift */,
				A82B8F7E29D5C1A7006E2891 /* Order.swift */,
				A8F66C2A29DF031600A24F90 /* QueryItem.swift */,
			);
			path = Entities;
			sourceTree = "<group>";
		};
		A82B8F7629D5B0F3006E2891 /* Utils */ = {
			isa = PBXGroup;
			children = (
				A82B8F5929D58125006E2891 /* Decodable+Utils.swift */,
				A82B8F5A29D58125006E2891 /* UITableView+Utils.swift */,
				A82B8F6F29D5B06C006E2891 /* Formatter+Utils.swift */,
				A82B8F5B29D58125006E2891 /* UIViewController+Utils.swift */,
				A82B8F7829D5B7CB006E2891 /* UIColor+Utils.swift */,
				A82B8F7A29D5B7E7006E2891 /* Language+Utils.swift */,
				A82B8F8629D681DC006E2891 /* UIFont+Utils.swift */,
				A82B8F9629D7575D006E2891 /* Array+Utils.swift */,
				A803B93229DC70B70063D7B6 /* Reactive+Utils.swift */,
				A8F66C2329DEDF6A00A24F90 /* ImageCache.swift */,
			);
			path = Utils;
			sourceTree = "<group>";
		};
		A82B8F7729D5B0FA006E2891 /* AppDelegates */ = {
			isa = PBXGroup;
			children = (
				A84DBB9229D56D0D000CA8CF /* AppDelegate.swift */,
				A84DBB9429D56D0D000CA8CF /* SceneDelegate.swift */,
			);
			path = AppDelegates;
			sourceTree = "<group>";
		};
		A82B8F8829D69C86006E2891 /* RecentSearch */ = {
			isa = PBXGroup;
			children = (
				A826FBD029D7DF1E0092775C /* Views */,
				A82B8F9829D7DA94006E2891 /* RecentSearchReactor.swift */,
				A82B8F9A29D7DEA3006E2891 /* RecentSearchViewController.swift */,
			);
			path = RecentSearch;
			sourceTree = "<group>";
		};
		A82B8F8929D69C8D006E2891 /* Repository */ = {
			isa = PBXGroup;
			children = (
				A826FBD229D7DF4A0092775C /* RepositoryReactor.swift */,
				A82B8F6329D584E8006E2891 /* RepositoryViewController.swift */,
				A826FBD129D7DF3B0092775C /* Views */,
			);
			path = Repository;
			sourceTree = "<group>";
		};
		A82B8F8A29D69C93006E2891 /* SearchOption */ = {
			isa = PBXGroup;
			children = (
				A82B8F8029D5C275006E2891 /* SearchOptionsController.swift */,
			);
			path = SearchOption;
			sourceTree = "<group>";
		};
		A82B8F8B29D69CA7006E2891 /* Screens */ = {
			isa = PBXGroup;
			children = (
				A82B8F8829D69C86006E2891 /* RecentSearch */,
				A82B8F8929D69C8D006E2891 /* Repository */,
				A82B8F8A29D69C93006E2891 /* SearchOption */,
			);
			path = Screens;
			sourceTree = "<group>";
		};
		A82B8F8C29D7207D006E2891 /* Coordinator */ = {
			isa = PBXGroup;
			children = (
				A82B8F8D29D72088006E2891 /* Coordinator.swift */,
				A82B8F8F29D7209A006E2891 /* SearchCoordinator.swift */,
			);
			path = Coordinator;
			sourceTree = "<group>";
		};
		A82B8F9129D750C7006E2891 /* Service */ = {
			isa = PBXGroup;
			children = (
				A826FBE329D884170092775C /* RecentSearchService */,
				A803B93629DC72FF0063D7B6 /* RepositorySearchService */,
			);
			path = Service;
			sourceTree = "<group>";
		};
		A84DBB8629D56D0C000CA8CF = {
			isa = PBXGroup;
			children = (
				A84DBB9129D56D0D000CA8CF /* GithubSearch */,
				A8F66C1029DC7EF300A24F90 /* GithubSearchTests */,
				A84DBB9029D56D0D000CA8CF /* Products */,
			);
			sourceTree = "<group>";
		};
		A84DBB9029D56D0D000CA8CF /* Products */ = {
			isa = PBXGroup;
			children = (
				A84DBB8F29D56D0D000CA8CF /* GithubSearch.app */,
				A8F66C0F29DC7EF300A24F90 /* GithubSearchTests.xctest */,
			);
			name = Products;
			sourceTree = "<group>";
		};
		A84DBB9129D56D0D000CA8CF /* GithubSearch */ = {
			isa = PBXGroup;
			children = (
				A8F66C1929DC7F3500A24F90 /* Sources */,
				A8F66C1829DC7F2B00A24F90 /* Resources */,
			);
			path = GithubSearch;
			sourceTree = "<group>";
		};
		A8F66C1029DC7EF300A24F90 /* GithubSearchTests */ = {
			isa = PBXGroup;
			children = (
				A8F66C1129DC7EF300A24F90 /* GithubSearchTests.swift */,
				A8F66C1A29DC7F8C00A24F90 /* MockURLProtocol.swift */,
				A8F66C2529DEDF7900A24F90 /* ImageURLProtocol.swift */,
				A8F66C2C29DF097800A24F90 /* URLOpenerProtocol.swift */,
				A8F66C1C29DC80EA00A24F90 /* repositories.json */,
			);
			path = GithubSearchTests;
			sourceTree = "<group>";
		};
		A8F66C1829DC7F2B00A24F90 /* Resources */ = {
			isa = PBXGroup;
			children = (
				A82B8F6B29D5A810006E2891 /* github-colors.json */,
				A84DBB9B29D56D0F000CA8CF /* Assets.xcassets */,
				A84DBB9D29D56D10000CA8CF /* LaunchScreen.storyboard */,
				A84DBBA029D56D10000CA8CF /* Info.plist */,
			);
			path = Resources;
			sourceTree = "<group>";
		};
		A8F66C1929DC7F3500A24F90 /* Sources */ = {
			isa = PBXGroup;
			children = (
				A826FBD729D8722F0092775C /* Network */,
				A826FBE029D873200092775C /* NetworkImp */,
				A82B8F9129D750C7006E2891 /* Service */,
				A82B8F7729D5B0FA006E2891 /* AppDelegates */,
				A82B8F8B29D69CA7006E2891 /* Screens */,
				A82B8F8C29D7207D006E2891 /* Coordinator */,
				A82B8F7529D5B0E4006E2891 /* Entities */,
				A82B8F7629D5B0F3006E2891 /* Utils */,
			);
			path = Sources;
			sourceTree = "<group>";
		};
/* End PBXGroup section */

/* Begin PBXNativeTarget section */
		A84DBB8E29D56D0D000CA8CF /* GithubSearch */ = {
			isa = PBXNativeTarget;
			buildConfigurationList = A84DBBA329D56D10000CA8CF /* Build configuration list for PBXNativeTarget "GithubSearch" */;
			buildPhases = (
				A84DBB8B29D56D0D000CA8CF /* Sources */,
				A84DBB8C29D56D0D000CA8CF /* Frameworks */,
				A84DBB8D29D56D0D000CA8CF /* Resources */,
			);
			buildRules = (
			);
			dependencies = (
			);
			name = GithubSearch;
			packageProductDependencies = (
				A826FC4B29D933090092775C /* ReactorKit */,
				A8F66C3229DF149C00A24F90 /* RxCocoa */,
			);
			productName = GithubSearch;
			productReference = A84DBB8F29D56D0D000CA8CF /* GithubSearch.app */;
			productType = "com.apple.product-type.application";
		};
		A8F66C0E29DC7EF300A24F90 /* GithubSearchTests */ = {
			isa = PBXNativeTarget;
			buildConfigurationList = A8F66C1729DC7EF300A24F90 /* Build configuration list for PBXNativeTarget "GithubSearchTests" */;
			buildPhases = (
				A8F66C0B29DC7EF300A24F90 /* Sources */,
				A8F66C0C29DC7EF300A24F90 /* Frameworks */,
				A8F66C0D29DC7EF300A24F90 /* Resources */,
			);
			buildRules = (
			);
			dependencies = (
				A8F66C1429DC7EF300A24F90 /* PBXTargetDependency */,
			);
			name = GithubSearchTests;
			productName = GithubSearchTests;
			productReference = A8F66C0F29DC7EF300A24F90 /* GithubSearchTests.xctest */;
			productType = "com.apple.product-type.bundle.unit-test";
		};
/* End PBXNativeTarget section */

/* Begin PBXProject section */
		A84DBB8729D56D0C000CA8CF /* Project object */ = {
			isa = PBXProject;
			attributes = {
				BuildIndependentTargetsInParallel = 1;
				LastSwiftUpdateCheck = 1340;
				LastUpgradeCheck = 1340;
				TargetAttributes = {
					A84DBB8E29D56D0D000CA8CF = {
						CreatedOnToolsVersion = 13.4.1;
					};
					A8F66C0E29DC7EF300A24F90 = {
						CreatedOnToolsVersion = 13.4.1;
						TestTargetID = A84DBB8E29D56D0D000CA8CF;
					};
				};
			};
			buildConfigurationList = A84DBB8A29D56D0C000CA8CF /* Build configuration list for PBXProject "GithubSearch" */;
			compatibilityVersion = "Xcode 13.0";
			developmentRegion = en;
			hasScannedForEncodings = 0;
			knownRegions = (
				en,
				Base,
			);
			mainGroup = A84DBB8629D56D0C000CA8CF;
			packageReferences = (
				A826FC4A29D933090092775C /* XCRemoteSwiftPackageReference "ReactorKit" */,
				A8F66C3129DF149C00A24F90 /* XCRemoteSwiftPackageReference "RxSwift" */,
			);
			productRefGroup = A84DBB9029D56D0D000CA8CF /* Products */;
			projectDirPath = "";
			projectRoot = "";
			targets = (
				A84DBB8E29D56D0D000CA8CF /* GithubSearch */,
				A8F66C0E29DC7EF300A24F90 /* GithubSearchTests */,
			);
		};
/* End PBXProject section */

/* Begin PBXResourcesBuildPhase section */
		A84DBB8D29D56D0D000CA8CF /* Resources */ = {
			isa = PBXResourcesBuildPhase;
			buildActionMask = 2147483647;
			files = (
				A82B8F6C29D5A810006E2891 /* github-colors.json in Resources */,
				A84DBB9F29D56D10000CA8CF /* LaunchScreen.storyboard in Resources */,
				A84DBB9C29D56D0F000CA8CF /* Assets.xcassets in Resources */,
			);
			runOnlyForDeploymentPostprocessing = 0;
		};
		A8F66C0D29DC7EF300A24F90 /* Resources */ = {
			isa = PBXResourcesBuildPhase;
			buildActionMask = 2147483647;
			files = (
				A8F66C1D29DC80EA00A24F90 /* repositories.json in Resources */,
			);
			runOnlyForDeploymentPostprocessing = 0;
		};
/* End PBXResourcesBuildPhase section */

/* Begin PBXSourcesBuildPhase section */
		A84DBB8B29D56D0D000CA8CF /* Sources */ = {
			isa = PBXSourcesBuildPhase;
			buildActionMask = 2147483647;
			files = (
				A82B8F7429D5B0B4006E2891 /* Owner.swift in Sources */,
				A826FBDF29D872E90092775C /* Network.swift in Sources */,
				A82B8F6429D584E8006E2891 /* RepositoryViewController.swift in Sources */,
				A8F66C2B29DF031600A24F90 /* QueryItem.swift in Sources */,
				A82B8F8529D67EDE006E2891 /* RecentSearchHeaderView.swift in Sources */,
				A803B93B29DC73650063D7B6 /* RepositorySearchEndpoint.swift in Sources */,
				A82B8F8329D5CB78006E2891 /* SearchOptionable.swift in Sources */,
				A82B8F6629D58DFC006E2891 /* RecentSearchCell.swift in Sources */,
				A803B93329DC70B70063D7B6 /* Reactive+Utils.swift in Sources */,
				A826FBE229D873330092775C /* NetworkImp.swift in Sources */,
				A82B8F8E29D72088006E2891 /* Coordinator.swift in Sources */,
				A826FBD929D8723C0092775C /* Request.swift in Sources */,
				A826FBD329D7DF4A0092775C /* RepositoryReactor.swift in Sources */,
				A84DBB9329D56D0D000CA8CF /* AppDelegate.swift in Sources */,
				A82B8F9929D7DA94006E2891 /* RecentSearchReactor.swift in Sources */,
				A82B8F9029D7209A006E2891 /* SearchCoordinator.swift in Sources */,
				A82B8F7B29D5B7E7006E2891 /* Language+Utils.swift in Sources */,
				A826FBDB29D872520092775C /* EndPoint.swift in Sources */,
				A82B8F7F29D5C1A7006E2891 /* Order.swift in Sources */,
				A82B8F9329D750D6006E2891 /* UserDefaultService.swift in Sources */,
				A82B8F5E29D58125006E2891 /* UIViewController+Utils.swift in Sources */,
				A803B93C29DC73650063D7B6 /* RepositorySearchRequest.swift in Sources */,
				A82B8F9B29D7DEA3006E2891 /* RecentSearchViewController.swift in Sources */,
				A82B8F8129D5C275006E2891 /* SearchOptionsController.swift in Sources */,
				A84DBB9529D56D0D000CA8CF /* SceneDelegate.swift in Sources */,
				A82B8F7029D5B06C006E2891 /* Formatter+Utils.swift in Sources */,
				A82B8F8729D681DC006E2891 /* UIFont+Utils.swift in Sources */,
				A82B8F9729D7575D006E2891 /* Array+Utils.swift in Sources */,
				A82B8F5C29D58125006E2891 /* Decodable+Utils.swift in Sources */,
				A8F66C2429DEDF6A00A24F90 /* ImageCache.swift in Sources */,
				A82B8F7229D5B098006E2891 /* Response.swift in Sources */,
				A82B8F6A29D5A260006E2891 /* Repository.swift in Sources */,
				A82B8F5D29D58125006E2891 /* UITableView+Utils.swift in Sources */,
				A82B8F7D29D5C10A006E2891 /* Sort.swift in Sources */,
				A803B93A29DC73650063D7B6 /* RepositoryhSearchService.swift in Sources */,
				A82B8F9529D756AE006E2891 /* RecentSearchService.swift in Sources */,
				A82B8F6229D584D2006E2891 /* RepositoryCell.swift in Sources */,
				A826FBDD29D872750092775C /* HttpMethod.swift in Sources */,
				A82B8F7929D5B7CB006E2891 /* UIColor+Utils.swift in Sources */,
			);
			runOnlyForDeploymentPostprocessing = 0;
		};
		A8F66C0B29DC7EF300A24F90 /* Sources */ = {
			isa = PBXSourcesBuildPhase;
			buildActionMask = 2147483647;
			files = (
				A8F66C1229DC7EF300A24F90 /* GithubSearchTests.swift in Sources */,
				A8F66C1B29DC7F8C00A24F90 /* MockURLProtocol.swift in Sources */,
				A8F66C2D29DF097800A24F90 /* URLOpenerProtocol.swift in Sources */,
				A8F66C2929DEFA3600A24F90 /* ImageURLProtocol.swift in Sources */,
			);
			runOnlyForDeploymentPostprocessing = 0;
		};
/* End PBXSourcesBuildPhase section */

/* Begin PBXTargetDependency section */
		A8F66C1429DC7EF300A24F90 /* PBXTargetDependency */ = {
			isa = PBXTargetDependency;
			target = A84DBB8E29D56D0D000CA8CF /* GithubSearch */;
			targetProxy = A8F66C1329DC7EF300A24F90 /* PBXContainerItemProxy */;
		};
/* End PBXTargetDependency section */

/* Begin PBXVariantGroup section */
		A84DBB9D29D56D10000CA8CF /* LaunchScreen.storyboard */ = {
			isa = PBXVariantGroup;
			children = (
				A84DBB9E29D56D10000CA8CF /* Base */,
			);
			name = LaunchScreen.storyboard;
			sourceTree = "<group>";
		};
/* End PBXVariantGroup section */

/* Begin XCBuildConfiguration section */
		A84DBBA129D56D10000CA8CF /* Debug */ = {
			isa = XCBuildConfiguration;
			buildSettings = {
				ALWAYS_SEARCH_USER_PATHS = NO;
				CLANG_ANALYZER_NONNULL = YES;
				CLANG_ANALYZER_NUMBER_OBJECT_CONVERSION = YES_AGGRESSIVE;
				CLANG_CXX_LANGUAGE_STANDARD = "gnu++17";
				CLANG_ENABLE_MODULES = YES;
				CLANG_ENABLE_OBJC_ARC = YES;
				CLANG_ENABLE_OBJC_WEAK = YES;
				CLANG_WARN_BLOCK_CAPTURE_AUTORELEASING = YES;
				CLANG_WARN_BOOL_CONVERSION = YES;
				CLANG_WARN_COMMA = YES;
				CLANG_WARN_CONSTANT_CONVERSION = YES;
				CLANG_WARN_DEPRECATED_OBJC_IMPLEMENTATIONS = YES;
				CLANG_WARN_DIRECT_OBJC_ISA_USAGE = YES_ERROR;
				CLANG_WARN_DOCUMENTATION_COMMENTS = YES;
				CLANG_WARN_EMPTY_BODY = YES;
				CLANG_WARN_ENUM_CONVERSION = YES;
				CLANG_WARN_INFINITE_RECURSION = YES;
				CLANG_WARN_INT_CONVERSION = YES;
				CLANG_WARN_NON_LITERAL_NULL_CONVERSION = YES;
				CLANG_WARN_OBJC_IMPLICIT_RETAIN_SELF = YES;
				CLANG_WARN_OBJC_LITERAL_CONVERSION = YES;
				CLANG_WARN_OBJC_ROOT_CLASS = YES_ERROR;
				CLANG_WARN_QUOTED_INCLUDE_IN_FRAMEWORK_HEADER = YES;
				CLANG_WARN_RANGE_LOOP_ANALYSIS = YES;
				CLANG_WARN_STRICT_PROTOTYPES = YES;
				CLANG_WARN_SUSPICIOUS_MOVE = YES;
				CLANG_WARN_UNGUARDED_AVAILABILITY = YES_AGGRESSIVE;
				CLANG_WARN_UNREACHABLE_CODE = YES;
				CLANG_WARN__DUPLICATE_METHOD_MATCH = YES;
				COPY_PHASE_STRIP = NO;
				DEBUG_INFORMATION_FORMAT = dwarf;
				ENABLE_STRICT_OBJC_MSGSEND = YES;
				ENABLE_TESTABILITY = YES;
				GCC_C_LANGUAGE_STANDARD = gnu11;
				GCC_DYNAMIC_NO_PIC = NO;
				GCC_NO_COMMON_BLOCKS = YES;
				GCC_OPTIMIZATION_LEVEL = 0;
				GCC_PREPROCESSOR_DEFINITIONS = (
					"DEBUG=1",
					"$(inherited)",
				);
				GCC_WARN_64_TO_32_BIT_CONVERSION = YES;
				GCC_WARN_ABOUT_RETURN_TYPE = YES_ERROR;
				GCC_WARN_UNDECLARED_SELECTOR = YES;
				GCC_WARN_UNINITIALIZED_AUTOS = YES_AGGRESSIVE;
				GCC_WARN_UNUSED_FUNCTION = YES;
				GCC_WARN_UNUSED_VARIABLE = YES;
				IPHONEOS_DEPLOYMENT_TARGET = 14.0;
				MTL_ENABLE_DEBUG_INFO = INCLUDE_SOURCE;
				MTL_FAST_MATH = YES;
				ONLY_ACTIVE_ARCH = YES;
				SDKROOT = iphoneos;
				SWIFT_ACTIVE_COMPILATION_CONDITIONS = DEBUG;
				SWIFT_OPTIMIZATION_LEVEL = "-Onone";
			};
			name = Debug;
		};
		A84DBBA229D56D10000CA8CF /* Release */ = {
			isa = XCBuildConfiguration;
			buildSettings = {
				ALWAYS_SEARCH_USER_PATHS = NO;
				CLANG_ANALYZER_NONNULL = YES;
				CLANG_ANALYZER_NUMBER_OBJECT_CONVERSION = YES_AGGRESSIVE;
				CLANG_CXX_LANGUAGE_STANDARD = "gnu++17";
				CLANG_ENABLE_MODULES = YES;
				CLANG_ENABLE_OBJC_ARC = YES;
				CLANG_ENABLE_OBJC_WEAK = YES;
				CLANG_WARN_BLOCK_CAPTURE_AUTORELEASING = YES;
				CLANG_WARN_BOOL_CONVERSION = YES;
				CLANG_WARN_COMMA = YES;
				CLANG_WARN_CONSTANT_CONVERSION = YES;
				CLANG_WARN_DEPRECATED_OBJC_IMPLEMENTATIONS = YES;
				CLANG_WARN_DIRECT_OBJC_ISA_USAGE = YES_ERROR;
				CLANG_WARN_DOCUMENTATION_COMMENTS = YES;
				CLANG_WARN_EMPTY_BODY = YES;
				CLANG_WARN_ENUM_CONVERSION = YES;
				CLANG_WARN_INFINITE_RECURSION = YES;
				CLANG_WARN_INT_CONVERSION = YES;
				CLANG_WARN_NON_LITERAL_NULL_CONVERSION = YES;
				CLANG_WARN_OBJC_IMPLICIT_RETAIN_SELF = YES;
				CLANG_WARN_OBJC_LITERAL_CONVERSION = YES;
				CLANG_WARN_OBJC_ROOT_CLASS = YES_ERROR;
				CLANG_WARN_QUOTED_INCLUDE_IN_FRAMEWORK_HEADER = YES;
				CLANG_WARN_RANGE_LOOP_ANALYSIS = YES;
				CLANG_WARN_STRICT_PROTOTYPES = YES;
				CLANG_WARN_SUSPICIOUS_MOVE = YES;
				CLANG_WARN_UNGUARDED_AVAILABILITY = YES_AGGRESSIVE;
				CLANG_WARN_UNREACHABLE_CODE = YES;
				CLANG_WARN__DUPLICATE_METHOD_MATCH = YES;
				COPY_PHASE_STRIP = NO;
				DEBUG_INFORMATION_FORMAT = "dwarf-with-dsym";
				ENABLE_NS_ASSERTIONS = NO;
				ENABLE_STRICT_OBJC_MSGSEND = YES;
				GCC_C_LANGUAGE_STANDARD = gnu11;
				GCC_NO_COMMON_BLOCKS = YES;
				GCC_WARN_64_TO_32_BIT_CONVERSION = YES;
				GCC_WARN_ABOUT_RETURN_TYPE = YES_ERROR;
				GCC_WARN_UNDECLARED_SELECTOR = YES;
				GCC_WARN_UNINITIALIZED_AUTOS = YES_AGGRESSIVE;
				GCC_WARN_UNUSED_FUNCTION = YES;
				GCC_WARN_UNUSED_VARIABLE = YES;
				IPHONEOS_DEPLOYMENT_TARGET = 14.0;
				MTL_ENABLE_DEBUG_INFO = NO;
				MTL_FAST_MATH = YES;
				SDKROOT = iphoneos;
				SWIFT_COMPILATION_MODE = wholemodule;
				SWIFT_OPTIMIZATION_LEVEL = "-O";
				VALIDATE_PRODUCT = YES;
			};
			name = Release;
		};
		A84DBBA429D56D10000CA8CF /* Debug */ = {
			isa = XCBuildConfiguration;
			buildSettings = {
				ASSETCATALOG_COMPILER_APPICON_NAME = AppIcon;
				ASSETCATALOG_COMPILER_GLOBAL_ACCENT_COLOR_NAME = AccentColor;
				CODE_SIGN_STYLE = Automatic;
				CURRENT_PROJECT_VERSION = 1;
				DEVELOPMENT_TEAM = HBXK2UB5Z3;
				GENERATE_INFOPLIST_FILE = YES;
				INFOPLIST_FILE = GithubSearch/Resources/Info.plist;
				INFOPLIST_KEY_UIApplicationSupportsIndirectInputEvents = YES;
				INFOPLIST_KEY_UILaunchStoryboardName = LaunchScreen;
				INFOPLIST_KEY_UISupportedInterfaceOrientations_iPad = "UIInterfaceOrientationPortrait UIInterfaceOrientationPortraitUpsideDown UIInterfaceOrientationLandscapeLeft UIInterfaceOrientationLandscapeRight";
				INFOPLIST_KEY_UISupportedInterfaceOrientations_iPhone = "UIInterfaceOrientationPortrait UIInterfaceOrientationLandscapeLeft UIInterfaceOrientationLandscapeRight";
				IPHONEOS_DEPLOYMENT_TARGET = 14.0;
				LD_RUNPATH_SEARCH_PATHS = (
					"$(inherited)",
					"@executable_path/Frameworks",
				);
				MARKETING_VERSION = 1.0;
				PRODUCT_BUNDLE_IDENTIFIER = dev.kickbell.GithubSearch;
				PRODUCT_NAME = "$(TARGET_NAME)";
				SWIFT_EMIT_LOC_STRINGS = YES;
				SWIFT_VERSION = 5.0;
				TARGETED_DEVICE_FAMILY = 1;
			};
			name = Debug;
		};
		A84DBBA529D56D10000CA8CF /* Release */ = {
			isa = XCBuildConfiguration;
			buildSettings = {
				ASSETCATALOG_COMPILER_APPICON_NAME = AppIcon;
				ASSETCATALOG_COMPILER_GLOBAL_ACCENT_COLOR_NAME = AccentColor;
				CODE_SIGN_STYLE = Automatic;
				CURRENT_PROJECT_VERSION = 1;
				DEVELOPMENT_TEAM = HBXK2UB5Z3;
				GENERATE_INFOPLIST_FILE = YES;
				INFOPLIST_FILE = GithubSearch/Resources/Info.plist;
				INFOPLIST_KEY_UIApplicationSupportsIndirectInputEvents = YES;
				INFOPLIST_KEY_UILaunchStoryboardName = LaunchScreen;
				INFOPLIST_KEY_UISupportedInterfaceOrientations_iPad = "UIInterfaceOrientationPortrait UIInterfaceOrientationPortraitUpsideDown UIInterfaceOrientationLandscapeLeft UIInterfaceOrientationLandscapeRight";
				INFOPLIST_KEY_UISupportedInterfaceOrientations_iPhone = "UIInterfaceOrientationPortrait UIInterfaceOrientationLandscapeLeft UIInterfaceOrientationLandscapeRight";
				IPHONEOS_DEPLOYMENT_TARGET = 14.0;
				LD_RUNPATH_SEARCH_PATHS = (
					"$(inherited)",
					"@executable_path/Frameworks",
				);
				MARKETING_VERSION = 1.0;
				PRODUCT_BUNDLE_IDENTIFIER = dev.kickbell.GithubSearch;
				PRODUCT_NAME = "$(TARGET_NAME)";
				SWIFT_EMIT_LOC_STRINGS = YES;
				SWIFT_VERSION = 5.0;
				TARGETED_DEVICE_FAMILY = 1;
			};
			name = Release;
		};
		A8F66C1529DC7EF300A24F90 /* Debug */ = {
			isa = XCBuildConfiguration;
			buildSettings = {
				BUNDLE_LOADER = "$(TEST_HOST)";
				CODE_SIGN_STYLE = Automatic;
				CURRENT_PROJECT_VERSION = 1;
				DEVELOPMENT_TEAM = HBXK2UB5Z3;
				GENERATE_INFOPLIST_FILE = YES;
				MARKETING_VERSION = 1.0;
				PRODUCT_BUNDLE_IDENTIFIER = dev.kickbell.GithubSearchTests;
				PRODUCT_NAME = "$(TARGET_NAME)";
				SWIFT_EMIT_LOC_STRINGS = NO;
				SWIFT_VERSION = 5.0;
				TARGETED_DEVICE_FAMILY = "1,2";
				TEST_HOST = "$(BUILT_PRODUCTS_DIR)/GithubSearch.app/GithubSearch";
			};
			name = Debug;
		};
		A8F66C1629DC7EF300A24F90 /* Release */ = {
			isa = XCBuildConfiguration;
			buildSettings = {
				BUNDLE_LOADER = "$(TEST_HOST)";
				CODE_SIGN_STYLE = Automatic;
				CURRENT_PROJECT_VERSION = 1;
				DEVELOPMENT_TEAM = HBXK2UB5Z3;
				GENERATE_INFOPLIST_FILE = YES;
				MARKETING_VERSION = 1.0;
				PRODUCT_BUNDLE_IDENTIFIER = dev.kickbell.GithubSearchTests;
				PRODUCT_NAME = "$(TARGET_NAME)";
				SWIFT_EMIT_LOC_STRINGS = NO;
				SWIFT_VERSION = 5.0;
				TARGETED_DEVICE_FAMILY = "1,2";
				TEST_HOST = "$(BUILT_PRODUCTS_DIR)/GithubSearch.app/GithubSearch";
			};
			name = Release;
		};
/* End XCBuildConfiguration section */

/* Begin XCConfigurationList section */
		A84DBB8A29D56D0C000CA8CF /* Build configuration list for PBXProject "GithubSearch" */ = {
			isa = XCConfigurationList;
			buildConfigurations = (
				A84DBBA129D56D10000CA8CF /* Debug */,
				A84DBBA229D56D10000CA8CF /* Release */,
			);
			defaultConfigurationIsVisible = 0;
			defaultConfigurationName = Release;
		};
		A84DBBA329D56D10000CA8CF /* Build configuration list for PBXNativeTarget "GithubSearch" */ = {
			isa = XCConfigurationList;
			buildConfigurations = (
				A84DBBA429D56D10000CA8CF /* Debug */,
				A84DBBA529D56D10000CA8CF /* Release */,
			);
			defaultConfigurationIsVisible = 0;
			defaultConfigurationName = Release;
		};
		A8F66C1729DC7EF300A24F90 /* Build configuration list for PBXNativeTarget "GithubSearchTests" */ = {
			isa = XCConfigurationList;
			buildConfigurations = (
				A8F66C1529DC7EF300A24F90 /* Debug */,
				A8F66C1629DC7EF300A24F90 /* Release */,
			);
			defaultConfigurationIsVisible = 0;
			defaultConfigurationName = Release;
		};
/* End XCConfigurationList section */

/* Begin XCRemoteSwiftPackageReference section */
		A826FC4A29D933090092775C /* XCRemoteSwiftPackageReference "ReactorKit" */ = {
			isa = XCRemoteSwiftPackageReference;
			repositoryURL = "https://github.com/ReactorKit/ReactorKit";
			requirement = {
				kind = upToNextMajorVersion;
				minimumVersion = 3.0.0;
			};
		};
		A8F66C3129DF149C00A24F90 /* XCRemoteSwiftPackageReference "RxSwift" */ = {
			isa = XCRemoteSwiftPackageReference;
			repositoryURL = "https://github.com/ReactiveX/RxSwift";
			requirement = {
				kind = upToNextMajorVersion;
				minimumVersion = 6.0.0;
			};
		};
/* End XCRemoteSwiftPackageReference section */

/* Begin XCSwiftPackageProductDependency section */
		A826FC4B29D933090092775C /* ReactorKit */ = {
			isa = XCSwiftPackageProductDependency;
			package = A826FC4A29D933090092775C /* XCRemoteSwiftPackageReference "ReactorKit" */;
			productName = ReactorKit;
		};
		A8F66C3229DF149C00A24F90 /* RxCocoa */ = {
			isa = XCSwiftPackageProductDependency;
			package = A8F66C3129DF149C00A24F90 /* XCRemoteSwiftPackageReference "RxSwift" */;
			productName = RxCocoa;
		};
/* End XCSwiftPackageProductDependency section */
	};
	rootObject = A84DBB8729D56D0C000CA8CF /* Project object */;
}
